<?xml version="1.0" encoding="UTF-8"?>
<!DOCTYPE plist PUBLIC "-//Apple//DTD PLIST 1.0//EN" "http://www.apple.com/DTDs/PropertyList-1.0.dtd">
<plist version="1.0">
<dict>
	<key>archiveVersion</key>
	<string>1</string>
	<key>classes</key>
	<dict/>
	<key>objectVersion</key>
	<string>46</string>
	<key>objects</key>
	<dict>
		<key>00BC10022A4D47494C24BA13</key>
		<dict>
			<key>includeInIndex</key>
			<string>1</string>
			<key>isa</key>
			<string>PBXFileReference</string>
			<key>lastKnownFileType</key>
			<string>text.xcconfig</string>
			<key>name</key>
			<string>Pods-TestwarezAppTests.release.xcconfig</string>
			<key>path</key>
			<string>Pods/Target Support Files/Pods-TestwarezAppTests/Pods-TestwarezAppTests.release.xcconfig</string>
			<key>sourceTree</key>
			<string>&lt;group&gt;</string>
		</dict>
		<key>0220bb10bb5ba63eda47c1df</key>
		<dict>
			<key>fileRef</key>
			<string>9C528A691B9C8D26000CEC88</string>
			<key>isa</key>
			<string>PBXBuildFile</string>
			<key>settings</key>
			<dict>
				<key>ASSET_TAGS</key>
				<array/>
			</dict>
		</dict>
		<key>09700BA8C95668964E6CB038</key>
		<dict>
			<key>buildActionMask</key>
			<string>2147483647</string>
			<key>files</key>
			<array/>
			<key>inputPaths</key>
			<array/>
			<key>isa</key>
			<string>PBXShellScriptBuildPhase</string>
			<key>name</key>
			<string>Copy Pods Resources</string>
			<key>outputPaths</key>
			<array/>
			<key>runOnlyForDeploymentPostprocessing</key>
			<string>0</string>
			<key>shellPath</key>
			<string>/bin/sh</string>
			<key>shellScript</key>
			<string>"${SRCROOT}/Pods/Target Support Files/Pods-TestwarezAppTests/Pods-TestwarezAppTests-resources.sh"
</string>
			<key>showEnvVarsInLog</key>
			<string>0</string>
		</dict>
		<key>0c805d00d137005255be95de</key>
		<dict>
			<key>fileRef</key>
			<string>9C528A611B99EB85000CEC88</string>
			<key>isa</key>
			<string>PBXBuildFile</string>
			<key>settings</key>
			<dict>
				<key>ASSET_TAGS</key>
				<array/>
			</dict>
		</dict>
		<key>1427C400E7B0ECB768823071</key>
		<dict>
			<key>children</key>
			<array>
				<string>CD74951196B5DCE4CEC0B2ED</string>
				<string>00BC10022A4D47494C24BA13</string>
				<string>FABFF22C82A1F7768843D090</string>
				<string>15546EDAE022826DAF0BF2B7</string>
			</array>
			<key>isa</key>
			<string>PBXGroup</string>
			<key>name</key>
			<string>Pods</string>
			<key>sourceTree</key>
			<string>&lt;group&gt;</string>
		</dict>
		<key>15546EDAE022826DAF0BF2B7</key>
		<dict>
			<key>includeInIndex</key>
			<string>1</string>
			<key>isa</key>
			<string>PBXFileReference</string>
			<key>lastKnownFileType</key>
			<string>text.xcconfig</string>
			<key>name</key>
			<string>Pods-TestwarezAppUITests.release.xcconfig</string>
			<key>path</key>
			<string>Pods/Target Support Files/Pods-TestwarezAppUITests/Pods-TestwarezAppUITests.release.xcconfig</string>
			<key>sourceTree</key>
			<string>&lt;group&gt;</string>
		</dict>
		<key>21C524502B57FF95EE90E325</key>
		<dict>
			<key>explicitFileType</key>
			<string>wrapper.framework</string>
			<key>includeInIndex</key>
			<string>0</string>
			<key>isa</key>
			<string>PBXFileReference</string>
			<key>path</key>
			<string>Pods_TestwarezAppUITests.framework</string>
			<key>sourceTree</key>
			<string>BUILT_PRODUCTS_DIR</string>
		</dict>
		<key>2964B70647FD555C87358945</key>
		<dict>
			<key>fileRef</key>
			<string>4A791DDABF00CC0F35A65ADB</string>
			<key>isa</key>
			<string>PBXBuildFile</string>
			<key>settings</key>
			<dict>
				<key>ATTRIBUTES</key>
				<array>
					<string>Weak</string>
				</array>
			</dict>
		</dict>
		<key>2b04a403a26b142c841f14ab</key>
		<dict>
			<key>fileRef</key>
			<string>9CC239981B94A90B000C5D1B</string>
			<key>isa</key>
			<string>PBXBuildFile</string>
		</dict>
		<key>308e20b86f71d5ddbbfa9a96</key>
		<dict>
			<key>buildSettings</key>
			<dict>
				<key>ASSETCATALOG_COMPILER_APPICON_NAME</key>
				<string>AppIcon</string>
				<key>FRAMEWORK_SEARCH_PATHS</key>
				<array>
					<string>$(inherited)</string>
					<string>"$(SRCROOT)"</string>
				</array>
				<key>INFOPLIST_FILE</key>
				<string>TestwarezApp/Info.plist</string>
				<key>LD_RUNPATH_SEARCH_PATHS</key>
				<string>$(inherited) @executable_path/Frameworks</string>
				<key>OTHER_LDFLAGS</key>
				<array>
					<string>$(inherited)</string>
					<string>-force_load</string>
					<string>"$(SRCROOT)/calabash.framework/calabash"</string>
					<string>-lstdc++</string>
				</array>
				<key>PRODUCT_NAME</key>
				<string>$(TARGET_NAME)</string>
			</dict>
			<key>isa</key>
			<string>XCBuildConfiguration</string>
			<key>name</key>
			<string>Release</string>
		</dict>
		<key>38f38ddf910f0cae03fcf13d</key>
		<dict>
			<key>fileRef</key>
			<string>9CC2399A1B94A90B000C5D1B</string>
			<key>isa</key>
			<string>PBXBuildFile</string>
		</dict>
		<key>3fcdd579eca785e9057cb30d</key>
		<dict>
			<key>fileRef</key>
			<string>9C90F60A1BA091A700D2F5EA</string>
			<key>isa</key>
			<string>PBXBuildFile</string>
			<key>settings</key>
			<dict>
				<key>ASSET_TAGS</key>
				<array/>
			</dict>
		</dict>
		<key>43D9E9CC26F759ADA077495E</key>
		<dict>
			<key>buildActionMask</key>
			<string>2147483647</string>
			<key>files</key>
			<array/>
			<key>inputPaths</key>
			<array/>
			<key>isa</key>
			<string>PBXShellScriptBuildPhase</string>
			<key>name</key>
			<string>Embed Pods Frameworks</string>
			<key>outputPaths</key>
			<array/>
			<key>runOnlyForDeploymentPostprocessing</key>
			<string>0</string>
			<key>shellPath</key>
			<string>/bin/sh</string>
			<key>shellScript</key>
			<string>"${SRCROOT}/Pods/Target Support Files/Pods-TestwarezAppTests/Pods-TestwarezAppTests-frameworks.sh"
</string>
			<key>showEnvVarsInLog</key>
			<string>0</string>
		</dict>
		<key>4A791DDABF00CC0F35A65ADB</key>
		<dict>
			<key>explicitFileType</key>
			<string>wrapper.framework</string>
			<key>includeInIndex</key>
			<string>0</string>
			<key>isa</key>
			<string>PBXFileReference</string>
			<key>path</key>
			<string>Pods_TestwarezAppTests.framework</string>
			<key>sourceTree</key>
			<string>BUILT_PRODUCTS_DIR</string>
		</dict>
		<key>51DD5417B18A1B6B5AC43CF3</key>
		<dict>
			<key>buildActionMask</key>
			<string>2147483647</string>
			<key>files</key>
			<array/>
			<key>inputPaths</key>
			<array/>
			<key>isa</key>
			<string>PBXShellScriptBuildPhase</string>
			<key>name</key>
			<string>Copy Pods Resources</string>
			<key>outputPaths</key>
			<array/>
			<key>runOnlyForDeploymentPostprocessing</key>
			<string>0</string>
			<key>shellPath</key>
			<string>/bin/sh</string>
			<key>shellScript</key>
			<string>"${SRCROOT}/Pods/Target Support Files/Pods-TestwarezAppUITests/Pods-TestwarezAppUITests-resources.sh"
</string>
			<key>showEnvVarsInLog</key>
			<string>0</string>
		</dict>
		<key>572c618d4294ea7e6f0dba6a</key>
		<dict>
			<key>fileRef</key>
			<string>9C528A661B9C5AFD000CEC88</string>
			<key>isa</key>
			<string>PBXBuildFile</string>
			<key>settings</key>
			<dict>
				<key>ASSET_TAGS</key>
				<array/>
			</dict>
		</dict>
		<key>5E9BD88820EFDA81401EFB9D</key>
		<dict>
			<key>buildActionMask</key>
			<string>2147483647</string>
			<key>files</key>
			<array/>
			<key>inputPaths</key>
			<array/>
			<key>isa</key>
			<string>PBXShellScriptBuildPhase</string>
			<key>name</key>
			<string>Check Pods Manifest.lock</string>
			<key>outputPaths</key>
			<array/>
			<key>runOnlyForDeploymentPostprocessing</key>
			<string>0</string>
			<key>shellPath</key>
			<string>/bin/sh</string>
			<key>shellScript</key>
			<string>diff "${PODS_ROOT}/../Podfile.lock" "${PODS_ROOT}/Manifest.lock" &gt; /dev/null
if [[ $? != 0 ]] ; then
    cat &lt;&lt; EOM
error: The sandbox is not in sync with the Podfile.lock. Run 'pod install' or update your CocoaPods installation.
EOM
    exit 1
fi
</string>
			<key>showEnvVarsInLog</key>
			<string>0</string>
		</dict>
		<key>60EF97CE42E1A530D19B20BE</key>
		<dict>
			<key>buildActionMask</key>
			<string>2147483647</string>
			<key>files</key>
			<array/>
			<key>inputPaths</key>
			<array/>
			<key>isa</key>
			<string>PBXShellScriptBuildPhase</string>
			<key>name</key>
			<string>Check Pods Manifest.lock</string>
			<key>outputPaths</key>
			<array/>
			<key>runOnlyForDeploymentPostprocessing</key>
			<string>0</string>
			<key>shellPath</key>
			<string>/bin/sh</string>
			<key>shellScript</key>
			<string>diff "${PODS_ROOT}/../Podfile.lock" "${PODS_ROOT}/Manifest.lock" &gt; /dev/null
if [[ $? != 0 ]] ; then
    cat &lt;&lt; EOM
error: The sandbox is not in sync with the Podfile.lock. Run 'pod install' or update your CocoaPods installation.
EOM
    exit 1
fi
</string>
			<key>showEnvVarsInLog</key>
			<string>0</string>
		</dict>
		<key>6a48321eb48c8e4fe2c63c82</key>
		<dict>
			<key>buildSettings</key>
			<dict>
				<key>ASSETCATALOG_COMPILER_APPICON_NAME</key>
				<string>AppIcon</string>
				<key>FRAMEWORK_SEARCH_PATHS</key>
				<array>
					<string>$(inherited)</string>
					<string>"$(SRCROOT)"</string>
				</array>
				<key>INFOPLIST_FILE</key>
				<string>TestwarezApp/Info.plist</string>
				<key>LD_RUNPATH_SEARCH_PATHS</key>
				<string>$(inherited) @executable_path/Frameworks</string>
				<key>OTHER_LDFLAGS</key>
				<array>
					<string>$(inherited)</string>
					<string>-force_load</string>
					<string>"$(SRCROOT)/calabash.framework/calabash"</string>
					<string>-lstdc++</string>
				</array>
				<key>PRODUCT_NAME</key>
				<string>$(TARGET_NAME)</string>
			</dict>
			<key>isa</key>
			<string>XCBuildConfiguration</string>
			<key>name</key>
			<string>Debug</string>
		</dict>
		<key>78f8bf14fa3df0eff92962ce</key>
		<dict>
			<key>fileRef</key>
			<string>9CC2399D1B94A90B000C5D1B</string>
			<key>isa</key>
			<string>PBXBuildFile</string>
		</dict>
		<key>7b4e8ec7e48fc99dacf0a6f2</key>
		<dict>
			<key>fileEncoding</key>
			<string>4</string>
			<key>isa</key>
			<string>PBXFileReference</string>
			<key>lastKnownFileType</key>
			<string>wrapper.framework</string>
			<key>name</key>
			<string>CFNetwork.framework</string>
			<key>path</key>
			<string>System/Library/Frameworks/CFNetwork.framework</string>
			<key>sourceTree</key>
			<string>SDKROOT</string>
		</dict>
		<key>8c8a49e404b80c2205ec6035</key>
		<dict>
			<key>fileRef</key>
			<string>9CC239921B94A90B000C5D1B</string>
			<key>isa</key>
			<string>PBXBuildFile</string>
		</dict>
		<key>9B04734541C243BC1821373D</key>
		<dict>
			<key>buildActionMask</key>
			<string>2147483647</string>
			<key>files</key>
			<array/>
			<key>inputPaths</key>
			<array/>
			<key>isa</key>
			<string>PBXShellScriptBuildPhase</string>
			<key>name</key>
			<string>Embed Pods Frameworks</string>
			<key>outputPaths</key>
			<array/>
			<key>runOnlyForDeploymentPostprocessing</key>
			<string>0</string>
			<key>shellPath</key>
			<string>/bin/sh</string>
			<key>shellScript</key>
			<string>"${SRCROOT}/Pods/Target Support Files/Pods-TestwarezAppUITests/Pods-TestwarezAppUITests-frameworks.sh"
</string>
			<key>showEnvVarsInLog</key>
			<string>0</string>
		</dict>
		<key>9C1AC94D1B94AFEB00710D04</key>
		<dict>
			<key>isa</key>
			<string>PBXFileReference</string>
			<key>lastKnownFileType</key>
			<string>wrapper.framework</string>
			<key>name</key>
			<string>KIF.framework</string>
			<key>path</key>
			<string>Pods/../build/Debug-iphoneos/KIF.framework</string>
			<key>sourceTree</key>
			<string>&lt;group&gt;</string>
		</dict>
		<key>9C1AC94F1B94AFFD00710D04</key>
		<dict>
			<key>isa</key>
			<string>PBXFileReference</string>
			<key>lastKnownFileType</key>
			<string>wrapper.framework</string>
			<key>name</key>
			<string>Pods_TestwarezAppTests.framework</string>
			<key>path</key>
			<string>Pods/../build/Debug-iphoneos/Pods_TestwarezAppTests.framework</string>
			<key>sourceTree</key>
			<string>&lt;group&gt;</string>
		</dict>
		<key>9C1AC9501B94AFFD00710D04</key>
		<dict>
			<key>fileRef</key>
			<string>9C1AC94F1B94AFFD00710D04</string>
			<key>isa</key>
			<string>PBXBuildFile</string>
		</dict>
		<key>9C1AC9511B94B13900710D04</key>
		<dict>
			<key>isa</key>
			<string>PBXFileReference</string>
			<key>lastKnownFileType</key>
			<string>wrapper.framework</string>
			<key>name</key>
			<string>FBSnapshotTestCase.framework</string>
			<key>path</key>
			<string>Pods/../build/Debug-iphoneos/FBSnapshotTestCase.framework</string>
			<key>sourceTree</key>
			<string>&lt;group&gt;</string>
		</dict>
		<key>9C1AC9521B94B13900710D04</key>
		<dict>
			<key>fileRef</key>
			<string>9C1AC9511B94B13900710D04</string>
			<key>isa</key>
			<string>PBXBuildFile</string>
		</dict>
		<key>9C1AC9531B964A2500710D04</key>
		<dict>
			<key>fileEncoding</key>
			<string>4</string>
			<key>isa</key>
			<string>PBXFileReference</string>
			<key>lastKnownFileType</key>
			<string>sourcecode.c.h</string>
			<key>path</key>
			<string>RegulationViewController.h</string>
			<key>sourceTree</key>
			<string>&lt;group&gt;</string>
		</dict>
		<key>9C1AC9541B964A2500710D04</key>
		<dict>
			<key>fileEncoding</key>
			<string>4</string>
			<key>isa</key>
			<string>PBXFileReference</string>
			<key>lastKnownFileType</key>
			<string>sourcecode.c.objc</string>
			<key>path</key>
			<string>RegulationViewController.m</string>
			<key>sourceTree</key>
			<string>&lt;group&gt;</string>
		</dict>
		<key>9C1AC9551B964A2500710D04</key>
		<dict>
			<key>fileRef</key>
			<string>9C1AC9541B964A2500710D04</string>
			<key>isa</key>
			<string>PBXBuildFile</string>
		</dict>
		<key>9C3B1FC81B94AD0B00D79958</key>
		<dict>
			<key>buildActionMask</key>
			<string>2147483647</string>
			<key>files</key>
			<array>
				<string>9C8979131B9F4103005E69F2</string>
				<string>9C89790F1B9E305B005E69F2</string>
				<string>9C8979111B9F345A005E69F2</string>
			</array>
			<key>isa</key>
			<string>PBXSourcesBuildPhase</string>
			<key>runOnlyForDeploymentPostprocessing</key>
			<string>0</string>
		</dict>
		<key>9C3B1FC91B94AD0B00D79958</key>
		<dict>
			<key>buildActionMask</key>
			<string>2147483647</string>
			<key>files</key>
			<array>
				<string>9C1AC9521B94B13900710D04</string>
				<string>9C1AC9501B94AFFD00710D04</string>
				<string>B4347B51C477724D34D1EA30</string>
			</array>
			<key>isa</key>
			<string>PBXFrameworksBuildPhase</string>
			<key>runOnlyForDeploymentPostprocessing</key>
			<string>0</string>
		</dict>
		<key>9C3B1FCA1B94AD0B00D79958</key>
		<dict>
			<key>buildActionMask</key>
			<string>2147483647</string>
			<key>files</key>
			<array/>
			<key>isa</key>
			<string>PBXResourcesBuildPhase</string>
			<key>runOnlyForDeploymentPostprocessing</key>
			<string>0</string>
		</dict>
		<key>9C3B1FCB1B94AD0B00D79958</key>
		<dict>
			<key>buildConfigurationList</key>
			<string>9C3B1FD61B94AD0B00D79958</string>
			<key>buildPhases</key>
			<array>
				<string>5E9BD88820EFDA81401EFB9D</string>
				<string>9C3B1FC81B94AD0B00D79958</string>
				<string>9C3B1FC91B94AD0B00D79958</string>
				<string>9C3B1FCA1B94AD0B00D79958</string>
				<string>51DD5417B18A1B6B5AC43CF3</string>
				<string>9B04734541C243BC1821373D</string>
			</array>
			<key>buildRules</key>
			<array/>
			<key>dependencies</key>
			<array>
				<string>9C3B1FD31B94AD0B00D79958</string>
			</array>
			<key>isa</key>
			<string>PBXNativeTarget</string>
			<key>name</key>
			<string>TestwarezAppUITests</string>
			<key>productName</key>
			<string>TestwarezAppUITests</string>
			<key>productReference</key>
			<string>9C3B1FCC1B94AD0B00D79958</string>
			<key>productType</key>
			<string>com.apple.product-type.bundle.unit-test</string>
		</dict>
		<key>9C3B1FCC1B94AD0B00D79958</key>
		<dict>
			<key>explicitFileType</key>
			<string>wrapper.cfbundle</string>
			<key>includeInIndex</key>
			<string>0</string>
			<key>isa</key>
			<string>PBXFileReference</string>
			<key>path</key>
			<string>TestwarezAppUITests.xctest</string>
			<key>sourceTree</key>
			<string>BUILT_PRODUCTS_DIR</string>
		</dict>
		<key>9C3B1FCD1B94AD0B00D79958</key>
		<dict>
			<key>children</key>
			<array>
				<string>9C89790E1B9E305B005E69F2</string>
				<string>9C8979101B9F345A005E69F2</string>
				<string>9C8979121B9F4102005E69F2</string>
				<string>9C3B1FCE1B94AD0B00D79958</string>
			</array>
			<key>isa</key>
			<string>PBXGroup</string>
			<key>path</key>
			<string>TestwarezAppUITests</string>
			<key>sourceTree</key>
			<string>&lt;group&gt;</string>
		</dict>
		<key>9C3B1FCE1B94AD0B00D79958</key>
		<dict>
			<key>children</key>
			<array>
				<string>9C3B1FCF1B94AD0B00D79958</string>
			</array>
			<key>isa</key>
			<string>PBXGroup</string>
			<key>name</key>
			<string>Supporting Files</string>
			<key>sourceTree</key>
			<string>&lt;group&gt;</string>
		</dict>
		<key>9C3B1FCF1B94AD0B00D79958</key>
		<dict>
			<key>isa</key>
			<string>PBXFileReference</string>
			<key>lastKnownFileType</key>
			<string>text.plist.xml</string>
			<key>path</key>
			<string>Info.plist</string>
			<key>sourceTree</key>
			<string>&lt;group&gt;</string>
		</dict>
		<key>9C3B1FD21B94AD0B00D79958</key>
		<dict>
			<key>containerPortal</key>
			<string>9CC239851B94A90B000C5D1B</string>
			<key>isa</key>
			<string>PBXContainerItemProxy</string>
			<key>proxyType</key>
			<string>1</string>
			<key>remoteGlobalIDString</key>
			<string>9CC2398C1B94A90B000C5D1B</string>
			<key>remoteInfo</key>
			<string>TestwarezApp</string>
		</dict>
		<key>9C3B1FD31B94AD0B00D79958</key>
		<dict>
			<key>isa</key>
			<string>PBXTargetDependency</string>
			<key>target</key>
			<string>9CC2398C1B94A90B000C5D1B</string>
			<key>targetProxy</key>
			<string>9C3B1FD21B94AD0B00D79958</string>
		</dict>
		<key>9C3B1FD41B94AD0B00D79958</key>
		<dict>
			<key>baseConfigurationReference</key>
			<string>FABFF22C82A1F7768843D090</string>
			<key>buildSettings</key>
			<dict>
				<key>BUNDLE_LOADER</key>
				<string>$(TEST_HOST)</string>
				<key>FRAMEWORK_SEARCH_PATHS</key>
				<array>
					<string>$(SDKROOT)/Developer/Library/Frameworks</string>
					<string>$(inherited)</string>
					<string>$(PROJECT_DIR)/build/Debug-iphoneos</string>
				</array>
				<key>GCC_PREPROCESSOR_DEFINITIONS</key>
				<array>
					<string>DEBUG=1</string>
					<string>$(inherited)</string>
				</array>
				<key>INFOPLIST_FILE</key>
				<string>TestwarezAppUITests/Info.plist</string>
				<key>LD_RUNPATH_SEARCH_PATHS</key>
				<string>$(inherited) @executable_path/Frameworks @loader_path/Frameworks</string>
				<key>PRODUCT_NAME</key>
				<string>$(TARGET_NAME)</string>
				<key>TEST_HOST</key>
				<string>$(BUILT_PRODUCTS_DIR)/TestwarezApp.app/TestwarezApp</string>
			</dict>
			<key>isa</key>
			<string>XCBuildConfiguration</string>
			<key>name</key>
			<string>Debug</string>
		</dict>
		<key>9C3B1FD51B94AD0B00D79958</key>
		<dict>
			<key>baseConfigurationReference</key>
			<string>15546EDAE022826DAF0BF2B7</string>
			<key>buildSettings</key>
			<dict>
				<key>BUNDLE_LOADER</key>
				<string>$(TEST_HOST)</string>
				<key>FRAMEWORK_SEARCH_PATHS</key>
				<array>
					<string>$(SDKROOT)/Developer/Library/Frameworks</string>
					<string>$(inherited)</string>
					<string>$(PROJECT_DIR)/build/Debug-iphoneos</string>
				</array>
				<key>INFOPLIST_FILE</key>
				<string>TestwarezAppUITests/Info.plist</string>
				<key>LD_RUNPATH_SEARCH_PATHS</key>
				<string>$(inherited) @executable_path/Frameworks @loader_path/Frameworks</string>
				<key>PRODUCT_NAME</key>
				<string>$(TARGET_NAME)</string>
				<key>TEST_HOST</key>
				<string>$(BUILT_PRODUCTS_DIR)/TestwarezApp.app/TestwarezApp</string>
			</dict>
			<key>isa</key>
			<string>XCBuildConfiguration</string>
			<key>name</key>
			<string>Release</string>
		</dict>
		<key>9C3B1FD61B94AD0B00D79958</key>
		<dict>
			<key>buildConfigurations</key>
			<array>
				<string>9C3B1FD41B94AD0B00D79958</string>
				<string>9C3B1FD51B94AD0B00D79958</string>
			</array>
			<key>defaultConfigurationIsVisible</key>
			<string>0</string>
			<key>defaultConfigurationName</key>
			<string>Release</string>
			<key>isa</key>
			<string>XCConfigurationList</string>
		</dict>
		<key>9C528A601B99EB85000CEC88</key>
		<dict>
			<key>fileEncoding</key>
			<string>4</string>
			<key>isa</key>
			<string>PBXFileReference</string>
			<key>lastKnownFileType</key>
			<string>sourcecode.c.h</string>
			<key>path</key>
			<string>MapViewController.h</string>
			<key>sourceTree</key>
			<string>&lt;group&gt;</string>
		</dict>
		<key>9C528A611B99EB85000CEC88</key>
		<dict>
			<key>fileEncoding</key>
			<string>4</string>
			<key>isa</key>
			<string>PBXFileReference</string>
			<key>lastKnownFileType</key>
			<string>sourcecode.c.objc</string>
			<key>path</key>
			<string>MapViewController.m</string>
			<key>sourceTree</key>
			<string>&lt;group&gt;</string>
		</dict>
		<key>9C528A621B99EB85000CEC88</key>
		<dict>
			<key>fileRef</key>
			<string>9C528A611B99EB85000CEC88</string>
			<key>isa</key>
			<string>PBXBuildFile</string>
			<key>settings</key>
			<dict>
				<key>ASSET_TAGS</key>
				<array/>
			</dict>
		</dict>
		<key>9C528A631B99F1EB000CEC88</key>
		<dict>
			<key>isa</key>
			<string>PBXFileReference</string>
			<key>lastKnownFileType</key>
			<string>wrapper.framework</string>
			<key>name</key>
			<string>MapKit.framework</string>
			<key>path</key>
			<string>System/Library/Frameworks/MapKit.framework</string>
			<key>sourceTree</key>
			<string>SDKROOT</string>
		</dict>
		<key>9C528A641B99F1EB000CEC88</key>
		<dict>
			<key>fileRef</key>
			<string>9C528A631B99F1EB000CEC88</string>
			<key>isa</key>
			<string>PBXBuildFile</string>
		</dict>
		<key>9C528A651B9C5AFD000CEC88</key>
		<dict>
			<key>fileEncoding</key>
			<string>4</string>
			<key>isa</key>
			<string>PBXFileReference</string>
			<key>lastKnownFileType</key>
			<string>sourcecode.c.h</string>
			<key>path</key>
			<string>RegistrationViewController.h</string>
			<key>sourceTree</key>
			<string>&lt;group&gt;</string>
		</dict>
		<key>9C528A661B9C5AFD000CEC88</key>
		<dict>
			<key>fileEncoding</key>
			<string>4</string>
			<key>isa</key>
			<string>PBXFileReference</string>
			<key>lastKnownFileType</key>
			<string>sourcecode.c.objc</string>
			<key>path</key>
			<string>RegistrationViewController.m</string>
			<key>sourceTree</key>
			<string>&lt;group&gt;</string>
		</dict>
		<key>9C528A671B9C5AFD000CEC88</key>
		<dict>
			<key>fileRef</key>
			<string>9C528A661B9C5AFD000CEC88</string>
			<key>isa</key>
			<string>PBXBuildFile</string>
			<key>settings</key>
			<dict>
				<key>ASSET_TAGS</key>
				<array/>
			</dict>
		</dict>
		<key>9C528A681B9C8D26000CEC88</key>
		<dict>
			<key>fileEncoding</key>
			<string>4</string>
			<key>isa</key>
			<string>PBXFileReference</string>
			<key>lastKnownFileType</key>
			<string>sourcecode.c.h</string>
			<key>path</key>
			<string>RegistrationOnlineViewController.h</string>
			<key>sourceTree</key>
			<string>&lt;group&gt;</string>
		</dict>
		<key>9C528A691B9C8D26000CEC88</key>
		<dict>
			<key>fileEncoding</key>
			<string>4</string>
			<key>isa</key>
			<string>PBXFileReference</string>
			<key>lastKnownFileType</key>
			<string>sourcecode.c.objc</string>
			<key>path</key>
			<string>RegistrationOnlineViewController.m</string>
			<key>sourceTree</key>
			<string>&lt;group&gt;</string>
		</dict>
		<key>9C528A6A1B9C8D26000CEC88</key>
		<dict>
			<key>fileRef</key>
			<string>9C528A691B9C8D26000CEC88</string>
			<key>isa</key>
			<string>PBXBuildFile</string>
			<key>settings</key>
			<dict>
				<key>ASSET_TAGS</key>
				<array/>
			</dict>
		</dict>
		<key>9C89790E1B9E305B005E69F2</key>
		<dict>
			<key>fileEncoding</key>
			<string>4</string>
			<key>isa</key>
			<string>PBXFileReference</string>
			<key>lastKnownFileType</key>
			<string>sourcecode.c.objc</string>
			<key>path</key>
			<string>TestwarezAppMapViewTests.m</string>
			<key>sourceTree</key>
			<string>&lt;group&gt;</string>
		</dict>
		<key>9C89790F1B9E305B005E69F2</key>
		<dict>
			<key>fileRef</key>
			<string>9C89790E1B9E305B005E69F2</string>
			<key>isa</key>
			<string>PBXBuildFile</string>
			<key>settings</key>
			<dict>
				<key>ASSET_TAGS</key>
				<array/>
			</dict>
		</dict>
		<key>9C8979101B9F345A005E69F2</key>
		<dict>
			<key>fileEncoding</key>
			<string>4</string>
			<key>isa</key>
			<string>PBXFileReference</string>
			<key>lastKnownFileType</key>
			<string>sourcecode.c.objc</string>
			<key>path</key>
			<string>TestwarezAppRegistrationViewTests.m</string>
			<key>sourceTree</key>
			<string>&lt;group&gt;</string>
		</dict>
		<key>9C8979111B9F345A005E69F2</key>
		<dict>
			<key>fileRef</key>
			<string>9C8979101B9F345A005E69F2</string>
			<key>isa</key>
			<string>PBXBuildFile</string>
			<key>settings</key>
			<dict>
				<key>ASSET_TAGS</key>
				<array/>
			</dict>
		</dict>
		<key>9C8979121B9F4102005E69F2</key>
		<dict>
			<key>fileEncoding</key>
			<string>4</string>
			<key>isa</key>
			<string>PBXFileReference</string>
			<key>lastKnownFileType</key>
			<string>sourcecode.c.objc</string>
			<key>path</key>
			<string>TestwarezAppRegulationViewTests.m</string>
			<key>sourceTree</key>
			<string>&lt;group&gt;</string>
		</dict>
		<key>9C8979131B9F4103005E69F2</key>
		<dict>
			<key>fileRef</key>
			<string>9C8979121B9F4102005E69F2</string>
			<key>isa</key>
			<string>PBXBuildFile</string>
			<key>settings</key>
			<dict>
				<key>ASSET_TAGS</key>
				<array/>
			</dict>
		</dict>
		<key>9C90F60A1BA091A700D2F5EA</key>
		<dict>
			<key>fileEncoding</key>
			<string>4</string>
			<key>isa</key>
			<string>PBXFileReference</string>
			<key>lastKnownFileType</key>
			<string>sourcecode.c.objc</string>
			<key>path</key>
			<string>TestwarezAppAccessibilityMacro.m</string>
			<key>sourceTree</key>
			<string>&lt;group&gt;</string>
		</dict>
		<key>9C90F60B1BA091A700D2F5EA</key>
		<dict>
			<key>fileRef</key>
			<string>9C90F60A1BA091A700D2F5EA</string>
			<key>isa</key>
			<string>PBXBuildFile</string>
			<key>settings</key>
			<dict>
				<key>ASSET_TAGS</key>
				<array/>
			</dict>
		</dict>
		<key>9C90F60C1BA2149200D2F5EA</key>
		<dict>
			<key>fileEncoding</key>
			<string>4</string>
			<key>isa</key>
			<string>PBXFileReference</string>
			<key>lastKnownFileType</key>
			<string>sourcecode.c.objc</string>
			<key>path</key>
			<string>TestwarezAppMainViewTests.m</string>
			<key>sourceTree</key>
			<string>&lt;group&gt;</string>
		</dict>
		<key>9C90F60D1BA2149200D2F5EA</key>
		<dict>
			<key>fileRef</key>
			<string>9C90F60C1BA2149200D2F5EA</string>
			<key>isa</key>
			<string>PBXBuildFile</string>
			<key>settings</key>
			<dict>
				<key>ASSET_TAGS</key>
				<array/>
			</dict>
		</dict>
		<key>9C90F60E1BA215C100D2F5EA</key>
		<dict>
			<key>fileEncoding</key>
			<string>4</string>
			<key>isa</key>
			<string>PBXFileReference</string>
			<key>lastKnownFileType</key>
			<string>sourcecode.c.objc</string>
			<key>path</key>
			<string>TestwarezAppLoginViewTests.m</string>
			<key>sourceTree</key>
			<string>&lt;group&gt;</string>
		</dict>
		<key>9C90F60F1BA215C100D2F5EA</key>
		<dict>
			<key>fileRef</key>
			<string>9C90F60E1BA215C100D2F5EA</string>
			<key>isa</key>
			<string>PBXBuildFile</string>
			<key>settings</key>
			<dict>
				<key>ASSET_TAGS</key>
				<array/>
			</dict>
		</dict>
		<key>9CC239841B94A90B000C5D1B</key>
		<dict>
			<key>children</key>
			<array>
				<string>9CC2398F1B94A90B000C5D1B</string>
				<string>9CC239A91B94A90B000C5D1B</string>
				<string>9C3B1FCD1B94AD0B00D79958</string>
				<string>9CC2398E1B94A90B000C5D1B</string>
				<string>1427C400E7B0ECB768823071</string>
				<string>B77D0CCF062F4EFA3AF05003</string>
			</array>
			<key>isa</key>
			<string>PBXGroup</string>
			<key>sourceTree</key>
			<string>&lt;group&gt;</string>
		</dict>
		<key>9CC239851B94A90B000C5D1B</key>
		<dict>
			<key>attributes</key>
			<dict>
				<key>LastUpgradeCheck</key>
				<string>0640</string>
				<key>ORGANIZATIONNAME</key>
				<string>codework</string>
				<key>TargetAttributes</key>
				<dict>
					<key>9C3B1FCB1B94AD0B00D79958</key>
					<dict>
						<key>CreatedOnToolsVersion</key>
						<string>6.4</string>
						<key>TestTargetID</key>
						<string>9CC2398C1B94A90B000C5D1B</string>
					</dict>
					<key>9CC2398C1B94A90B000C5D1B</key>
					<dict>
						<key>CreatedOnToolsVersion</key>
						<string>6.4</string>
					</dict>
					<key>9CC239A51B94A90B000C5D1B</key>
					<dict>
						<key>CreatedOnToolsVersion</key>
						<string>6.4</string>
						<key>TestTargetID</key>
						<string>9CC2398C1B94A90B000C5D1B</string>
					</dict>
				</dict>
			</dict>
			<key>buildConfigurationList</key>
			<string>9CC239881B94A90B000C5D1B</string>
			<key>compatibilityVersion</key>
			<string>Xcode 3.2</string>
			<key>developmentRegion</key>
			<string>English</string>
			<key>hasScannedForEncodings</key>
			<string>0</string>
			<key>isa</key>
			<string>PBXProject</string>
			<key>knownRegions</key>
			<array>
				<string>en</string>
				<string>Base</string>
			</array>
			<key>mainGroup</key>
			<string>9CC239841B94A90B000C5D1B</string>
			<key>productRefGroup</key>
			<string>9CC2398E1B94A90B000C5D1B</string>
			<key>projectDirPath</key>
			<string></string>
			<key>projectRoot</key>
			<string></string>
			<key>targets</key>
			<array>
				<string>9CC2398C1B94A90B000C5D1B</string>
				<string>9CC239A51B94A90B000C5D1B</string>
				<string>9C3B1FCB1B94AD0B00D79958</string>
				<string>dea6aa68c86270867c701fa8</string>
			</array>
		</dict>
		<key>9CC239881B94A90B000C5D1B</key>
		<dict>
			<key>buildConfigurations</key>
			<array>
				<string>9CC239AE1B94A90B000C5D1B</string>
				<string>9CC239AF1B94A90B000C5D1B</string>
			</array>
			<key>defaultConfigurationIsVisible</key>
			<string>0</string>
			<key>defaultConfigurationName</key>
			<string>Release</string>
			<key>isa</key>
			<string>XCConfigurationList</string>
		</dict>
		<key>9CC239891B94A90B000C5D1B</key>
		<dict>
			<key>buildActionMask</key>
			<string>2147483647</string>
			<key>files</key>
			<array>
				<string>9CC239991B94A90B000C5D1B</string>
				<string>9C528A671B9C5AFD000CEC88</string>
				<string>9CC239961B94A90B000C5D1B</string>
				<string>9C528A621B99EB85000CEC88</string>
				<string>9C528A6A1B9C8D26000CEC88</string>
				<string>9C1AC9551B964A2500710D04</string>
				<string>9C90F60B1BA091A700D2F5EA</string>
				<string>9CC239931B94A90B000C5D1B</string>
			</array>
			<key>isa</key>
			<string>PBXSourcesBuildPhase</string>
			<key>runOnlyForDeploymentPostprocessing</key>
			<string>0</string>
		</dict>
		<key>9CC2398A1B94A90B000C5D1B</key>
		<dict>
			<key>buildActionMask</key>
			<string>2147483647</string>
			<key>files</key>
			<array>
				<string>9C528A641B99F1EB000CEC88</string>
			</array>
			<key>isa</key>
			<string>PBXFrameworksBuildPhase</string>
			<key>runOnlyForDeploymentPostprocessing</key>
			<string>0</string>
		</dict>
		<key>9CC2398B1B94A90B000C5D1B</key>
		<dict>
			<key>buildActionMask</key>
			<string>2147483647</string>
			<key>files</key>
			<array>
				<string>9CC2399C1B94A90B000C5D1B</string>
				<string>9CC239A11B94A90B000C5D1B</string>
				<string>9CC2399E1B94A90B000C5D1B</string>
			</array>
			<key>isa</key>
			<string>PBXResourcesBuildPhase</string>
			<key>runOnlyForDeploymentPostprocessing</key>
			<string>0</string>
		</dict>
		<key>9CC2398C1B94A90B000C5D1B</key>
		<dict>
			<key>buildConfigurationList</key>
			<string>9CC239B01B94A90B000C5D1B</string>
			<key>buildPhases</key>
			<array>
				<string>9CC239891B94A90B000C5D1B</string>
				<string>9CC2398A1B94A90B000C5D1B</string>
				<string>9CC2398B1B94A90B000C5D1B</string>
			</array>
			<key>buildRules</key>
			<array/>
			<key>dependencies</key>
			<array/>
			<key>isa</key>
			<string>PBXNativeTarget</string>
			<key>name</key>
			<string>TestwarezApp</string>
			<key>productName</key>
			<string>TestwarezApp</string>
			<key>productReference</key>
			<string>9CC2398D1B94A90B000C5D1B</string>
			<key>productType</key>
			<string>com.apple.product-type.application</string>
		</dict>
		<key>9CC2398D1B94A90B000C5D1B</key>
		<dict>
			<key>explicitFileType</key>
			<string>wrapper.application</string>
			<key>includeInIndex</key>
			<string>0</string>
			<key>isa</key>
			<string>PBXFileReference</string>
			<key>path</key>
			<string>TestwarezApp.app</string>
			<key>sourceTree</key>
			<string>BUILT_PRODUCTS_DIR</string>
		</dict>
		<key>9CC2398E1B94A90B000C5D1B</key>
		<dict>
			<key>children</key>
			<array>
				<string>9CC2398D1B94A90B000C5D1B</string>
				<string>9CC239A61B94A90B000C5D1B</string>
				<string>9C3B1FCC1B94AD0B00D79958</string>
			</array>
			<key>isa</key>
			<string>PBXGroup</string>
			<key>name</key>
			<string>Products</string>
			<key>sourceTree</key>
			<string>&lt;group&gt;</string>
		</dict>
		<key>9CC2398F1B94A90B000C5D1B</key>
		<dict>
			<key>children</key>
			<array>
				<string>9CC239941B94A90B000C5D1B</string>
				<string>9CC239951B94A90B000C5D1B</string>
				<string>9CC239971B94A90B000C5D1B</string>
				<string>9CC239981B94A90B000C5D1B</string>
				<string>9C1AC9531B964A2500710D04</string>
				<string>9C1AC9541B964A2500710D04</string>
				<string>9C528A601B99EB85000CEC88</string>
				<string>9C528A611B99EB85000CEC88</string>
				<string>9C528A651B9C5AFD000CEC88</string>
				<string>9C528A661B9C5AFD000CEC88</string>
				<string>9C528A681B9C8D26000CEC88</string>
				<string>9C528A691B9C8D26000CEC88</string>
				<string>9CC2399A1B94A90B000C5D1B</string>
				<string>9CC2399D1B94A90B000C5D1B</string>
				<string>9CC2399F1B94A90B000C5D1B</string>
				<string>9CC239901B94A90B000C5D1B</string>
				<string>9C90F60A1BA091A700D2F5EA</string>
			</array>
			<key>isa</key>
			<string>PBXGroup</string>
			<key>path</key>
			<string>TestwarezApp</string>
			<key>sourceTree</key>
			<string>&lt;group&gt;</string>
		</dict>
		<key>9CC239901B94A90B000C5D1B</key>
		<dict>
			<key>children</key>
			<array>
				<string>9CC239911B94A90B000C5D1B</string>
				<string>9CC239921B94A90B000C5D1B</string>
			</array>
			<key>isa</key>
			<string>PBXGroup</string>
			<key>name</key>
			<string>Supporting Files</string>
			<key>sourceTree</key>
			<string>&lt;group&gt;</string>
		</dict>
		<key>9CC239911B94A90B000C5D1B</key>
		<dict>
			<key>isa</key>
			<string>PBXFileReference</string>
			<key>lastKnownFileType</key>
			<string>text.plist.xml</string>
			<key>path</key>
			<string>Info.plist</string>
			<key>sourceTree</key>
			<string>&lt;group&gt;</string>
		</dict>
		<key>9CC239921B94A90B000C5D1B</key>
		<dict>
			<key>isa</key>
			<string>PBXFileReference</string>
			<key>lastKnownFileType</key>
			<string>sourcecode.c.objc</string>
			<key>path</key>
			<string>main.m</string>
			<key>sourceTree</key>
			<string>&lt;group&gt;</string>
		</dict>
		<key>9CC239931B94A90B000C5D1B</key>
		<dict>
			<key>fileRef</key>
			<string>9CC239921B94A90B000C5D1B</string>
			<key>isa</key>
			<string>PBXBuildFile</string>
		</dict>
		<key>9CC239941B94A90B000C5D1B</key>
		<dict>
			<key>isa</key>
			<string>PBXFileReference</string>
			<key>lastKnownFileType</key>
			<string>sourcecode.c.h</string>
			<key>path</key>
			<string>AppDelegate.h</string>
			<key>sourceTree</key>
			<string>&lt;group&gt;</string>
		</dict>
		<key>9CC239951B94A90B000C5D1B</key>
		<dict>
			<key>isa</key>
			<string>PBXFileReference</string>
			<key>lastKnownFileType</key>
			<string>sourcecode.c.objc</string>
			<key>path</key>
			<string>AppDelegate.m</string>
			<key>sourceTree</key>
			<string>&lt;group&gt;</string>
		</dict>
		<key>9CC239961B94A90B000C5D1B</key>
		<dict>
			<key>fileRef</key>
			<string>9CC239951B94A90B000C5D1B</string>
			<key>isa</key>
			<string>PBXBuildFile</string>
		</dict>
		<key>9CC239971B94A90B000C5D1B</key>
		<dict>
			<key>isa</key>
			<string>PBXFileReference</string>
			<key>lastKnownFileType</key>
			<string>sourcecode.c.h</string>
			<key>path</key>
			<string>ViewController.h</string>
			<key>sourceTree</key>
			<string>&lt;group&gt;</string>
		</dict>
		<key>9CC239981B94A90B000C5D1B</key>
		<dict>
			<key>isa</key>
			<string>PBXFileReference</string>
			<key>lastKnownFileType</key>
			<string>sourcecode.c.objc</string>
			<key>path</key>
			<string>ViewController.m</string>
			<key>sourceTree</key>
			<string>&lt;group&gt;</string>
		</dict>
		<key>9CC239991B94A90B000C5D1B</key>
		<dict>
			<key>fileRef</key>
			<string>9CC239981B94A90B000C5D1B</string>
			<key>isa</key>
			<string>PBXBuildFile</string>
		</dict>
		<key>9CC2399A1B94A90B000C5D1B</key>
		<dict>
			<key>children</key>
			<array>
				<string>9CC2399B1B94A90B000C5D1B</string>
			</array>
			<key>isa</key>
			<string>PBXVariantGroup</string>
			<key>name</key>
			<string>Main.storyboard</string>
			<key>sourceTree</key>
			<string>&lt;group&gt;</string>
		</dict>
		<key>9CC2399B1B94A90B000C5D1B</key>
		<dict>
			<key>isa</key>
			<string>PBXFileReference</string>
			<key>lastKnownFileType</key>
			<string>file.storyboard</string>
			<key>name</key>
			<string>Base</string>
			<key>path</key>
			<string>Base.lproj/Main.storyboard</string>
			<key>sourceTree</key>
			<string>&lt;group&gt;</string>
		</dict>
		<key>9CC2399C1B94A90B000C5D1B</key>
		<dict>
			<key>fileRef</key>
			<string>9CC2399A1B94A90B000C5D1B</string>
			<key>isa</key>
			<string>PBXBuildFile</string>
		</dict>
		<key>9CC2399D1B94A90B000C5D1B</key>
		<dict>
			<key>isa</key>
			<string>PBXFileReference</string>
			<key>lastKnownFileType</key>
			<string>folder.assetcatalog</string>
			<key>path</key>
			<string>Images.xcassets</string>
			<key>sourceTree</key>
			<string>&lt;group&gt;</string>
		</dict>
		<key>9CC2399E1B94A90B000C5D1B</key>
		<dict>
			<key>fileRef</key>
			<string>9CC2399D1B94A90B000C5D1B</string>
			<key>isa</key>
			<string>PBXBuildFile</string>
		</dict>
		<key>9CC2399F1B94A90B000C5D1B</key>
		<dict>
			<key>children</key>
			<array>
				<string>9CC239A01B94A90B000C5D1B</string>
			</array>
			<key>isa</key>
			<string>PBXVariantGroup</string>
			<key>name</key>
			<string>LaunchScreen.xib</string>
			<key>sourceTree</key>
			<string>&lt;group&gt;</string>
		</dict>
		<key>9CC239A01B94A90B000C5D1B</key>
		<dict>
			<key>isa</key>
			<string>PBXFileReference</string>
			<key>lastKnownFileType</key>
			<string>file.xib</string>
			<key>name</key>
			<string>Base</string>
			<key>path</key>
			<string>Base.lproj/LaunchScreen.xib</string>
			<key>sourceTree</key>
			<string>&lt;group&gt;</string>
		</dict>
		<key>9CC239A11B94A90B000C5D1B</key>
		<dict>
			<key>fileRef</key>
			<string>9CC2399F1B94A90B000C5D1B</string>
			<key>isa</key>
			<string>PBXBuildFile</string>
		</dict>
		<key>9CC239A21B94A90B000C5D1B</key>
		<dict>
			<key>buildActionMask</key>
			<string>2147483647</string>
			<key>files</key>
			<array>
				<string>9C90F60F1BA215C100D2F5EA</string>
				<string>9C90F60D1BA2149200D2F5EA</string>
			</array>
			<key>isa</key>
			<string>PBXSourcesBuildPhase</string>
			<key>runOnlyForDeploymentPostprocessing</key>
			<string>0</string>
		</dict>
		<key>9CC239A31B94A90B000C5D1B</key>
		<dict>
			<key>buildActionMask</key>
			<string>2147483647</string>
			<key>files</key>
			<array>
				<string>2964B70647FD555C87358945</string>
			</array>
			<key>isa</key>
			<string>PBXFrameworksBuildPhase</string>
			<key>runOnlyForDeploymentPostprocessing</key>
			<string>0</string>
		</dict>
		<key>9CC239A41B94A90B000C5D1B</key>
		<dict>
			<key>buildActionMask</key>
			<string>2147483647</string>
			<key>files</key>
			<array/>
			<key>isa</key>
			<string>PBXResourcesBuildPhase</string>
			<key>runOnlyForDeploymentPostprocessing</key>
			<string>0</string>
		</dict>
		<key>9CC239A51B94A90B000C5D1B</key>
		<dict>
			<key>buildConfigurationList</key>
			<string>9CC239B31B94A90B000C5D1B</string>
			<key>buildPhases</key>
			<array>
				<string>60EF97CE42E1A530D19B20BE</string>
				<string>9CC239A21B94A90B000C5D1B</string>
				<string>9CC239A31B94A90B000C5D1B</string>
				<string>9CC239A41B94A90B000C5D1B</string>
				<string>09700BA8C95668964E6CB038</string>
				<string>43D9E9CC26F759ADA077495E</string>
			</array>
			<key>buildRules</key>
			<array/>
			<key>dependencies</key>
			<array>
				<string>9CC239A81B94A90B000C5D1B</string>
			</array>
			<key>isa</key>
			<string>PBXNativeTarget</string>
			<key>name</key>
			<string>TestwarezAppTests</string>
			<key>productName</key>
			<string>TestwarezAppTests</string>
			<key>productReference</key>
			<string>9CC239A61B94A90B000C5D1B</string>
			<key>productType</key>
			<string>com.apple.product-type.bundle.unit-test</string>
		</dict>
		<key>9CC239A61B94A90B000C5D1B</key>
		<dict>
			<key>explicitFileType</key>
			<string>wrapper.cfbundle</string>
			<key>includeInIndex</key>
			<string>0</string>
			<key>isa</key>
			<string>PBXFileReference</string>
			<key>path</key>
			<string>TestwarezAppTests.xctest</string>
			<key>sourceTree</key>
			<string>BUILT_PRODUCTS_DIR</string>
		</dict>
		<key>9CC239A71B94A90B000C5D1B</key>
		<dict>
			<key>containerPortal</key>
			<string>9CC239851B94A90B000C5D1B</string>
			<key>isa</key>
			<string>PBXContainerItemProxy</string>
			<key>proxyType</key>
			<string>1</string>
			<key>remoteGlobalIDString</key>
			<string>9CC2398C1B94A90B000C5D1B</string>
			<key>remoteInfo</key>
			<string>TestwarezApp</string>
		</dict>
		<key>9CC239A81B94A90B000C5D1B</key>
		<dict>
			<key>isa</key>
			<string>PBXTargetDependency</string>
			<key>target</key>
			<string>9CC2398C1B94A90B000C5D1B</string>
			<key>targetProxy</key>
			<string>9CC239A71B94A90B000C5D1B</string>
		</dict>
		<key>9CC239A91B94A90B000C5D1B</key>
		<dict>
			<key>children</key>
			<array>
				<string>9C90F60C1BA2149200D2F5EA</string>
				<string>9C90F60E1BA215C100D2F5EA</string>
				<string>9CC239AA1B94A90B000C5D1B</string>
			</array>
			<key>isa</key>
			<string>PBXGroup</string>
			<key>path</key>
			<string>TestwarezAppTests</string>
			<key>sourceTree</key>
			<string>&lt;group&gt;</string>
		</dict>
		<key>9CC239AA1B94A90B000C5D1B</key>
		<dict>
			<key>children</key>
			<array>
				<string>9CC239AB1B94A90B000C5D1B</string>
			</array>
			<key>isa</key>
			<string>PBXGroup</string>
			<key>name</key>
			<string>Supporting Files</string>
			<key>sourceTree</key>
			<string>&lt;group&gt;</string>
		</dict>
		<key>9CC239AB1B94A90B000C5D1B</key>
		<dict>
			<key>isa</key>
			<string>PBXFileReference</string>
			<key>lastKnownFileType</key>
			<string>text.plist.xml</string>
			<key>path</key>
			<string>Info.plist</string>
			<key>sourceTree</key>
			<string>&lt;group&gt;</string>
		</dict>
		<key>9CC239AE1B94A90B000C5D1B</key>
		<dict>
			<key>buildSettings</key>
			<dict>
				<key>ALWAYS_SEARCH_USER_PATHS</key>
				<string>NO</string>
				<key>CLANG_CXX_LANGUAGE_STANDARD</key>
				<string>gnu++0x</string>
				<key>CLANG_CXX_LIBRARY</key>
				<string>libc++</string>
				<key>CLANG_ENABLE_MODULES</key>
				<string>YES</string>
				<key>CLANG_ENABLE_OBJC_ARC</key>
				<string>YES</string>
				<key>CLANG_WARN_BOOL_CONVERSION</key>
				<string>YES</string>
				<key>CLANG_WARN_CONSTANT_CONVERSION</key>
				<string>YES</string>
				<key>CLANG_WARN_DIRECT_OBJC_ISA_USAGE</key>
				<string>YES_ERROR</string>
				<key>CLANG_WARN_EMPTY_BODY</key>
				<string>YES</string>
				<key>CLANG_WARN_ENUM_CONVERSION</key>
				<string>YES</string>
				<key>CLANG_WARN_INT_CONVERSION</key>
				<string>YES</string>
				<key>CLANG_WARN_OBJC_ROOT_CLASS</key>
				<string>YES_ERROR</string>
				<key>CLANG_WARN_UNREACHABLE_CODE</key>
				<string>YES</string>
				<key>CLANG_WARN__DUPLICATE_METHOD_MATCH</key>
				<string>YES</string>
				<key>CODE_SIGN_IDENTITY[sdk=iphoneos*]</key>
				<string>iPhone Developer</string>
				<key>COPY_PHASE_STRIP</key>
				<string>NO</string>
				<key>DEBUG_INFORMATION_FORMAT</key>
				<string>dwarf-with-dsym</string>
				<key>ENABLE_STRICT_OBJC_MSGSEND</key>
				<string>YES</string>
				<key>GCC_C_LANGUAGE_STANDARD</key>
				<string>gnu99</string>
				<key>GCC_DYNAMIC_NO_PIC</key>
				<string>NO</string>
				<key>GCC_NO_COMMON_BLOCKS</key>
				<string>YES</string>
				<key>GCC_OPTIMIZATION_LEVEL</key>
				<string>0</string>
				<key>GCC_PREPROCESSOR_DEFINITIONS</key>
				<array>
					<string>DEBUG=1</string>
					<string>$(inherited)</string>
				</array>
				<key>GCC_SYMBOLS_PRIVATE_EXTERN</key>
				<string>NO</string>
				<key>GCC_WARN_64_TO_32_BIT_CONVERSION</key>
				<string>YES</string>
				<key>GCC_WARN_ABOUT_RETURN_TYPE</key>
				<string>YES_ERROR</string>
				<key>GCC_WARN_UNDECLARED_SELECTOR</key>
				<string>YES</string>
				<key>GCC_WARN_UNINITIALIZED_AUTOS</key>
				<string>YES_AGGRESSIVE</string>
				<key>GCC_WARN_UNUSED_FUNCTION</key>
				<string>YES</string>
				<key>GCC_WARN_UNUSED_VARIABLE</key>
				<string>YES</string>
				<key>IPHONEOS_DEPLOYMENT_TARGET</key>
				<string>8.4</string>
				<key>MTL_ENABLE_DEBUG_INFO</key>
				<string>YES</string>
				<key>ONLY_ACTIVE_ARCH</key>
				<string>YES</string>
				<key>SDKROOT</key>
				<string>iphoneos</string>
			</dict>
			<key>isa</key>
			<string>XCBuildConfiguration</string>
			<key>name</key>
			<string>Debug</string>
		</dict>
		<key>9CC239AF1B94A90B000C5D1B</key>
		<dict>
			<key>buildSettings</key>
			<dict>
				<key>ALWAYS_SEARCH_USER_PATHS</key>
				<string>NO</string>
				<key>CLANG_CXX_LANGUAGE_STANDARD</key>
				<string>gnu++0x</string>
				<key>CLANG_CXX_LIBRARY</key>
				<string>libc++</string>
				<key>CLANG_ENABLE_MODULES</key>
				<string>YES</string>
				<key>CLANG_ENABLE_OBJC_ARC</key>
				<string>YES</string>
				<key>CLANG_WARN_BOOL_CONVERSION</key>
				<string>YES</string>
				<key>CLANG_WARN_CONSTANT_CONVERSION</key>
				<string>YES</string>
				<key>CLANG_WARN_DIRECT_OBJC_ISA_USAGE</key>
				<string>YES_ERROR</string>
				<key>CLANG_WARN_EMPTY_BODY</key>
				<string>YES</string>
				<key>CLANG_WARN_ENUM_CONVERSION</key>
				<string>YES</string>
				<key>CLANG_WARN_INT_CONVERSION</key>
				<string>YES</string>
				<key>CLANG_WARN_OBJC_ROOT_CLASS</key>
				<string>YES_ERROR</string>
				<key>CLANG_WARN_UNREACHABLE_CODE</key>
				<string>YES</string>
				<key>CLANG_WARN__DUPLICATE_METHOD_MATCH</key>
				<string>YES</string>
				<key>CODE_SIGN_IDENTITY[sdk=iphoneos*]</key>
				<string>iPhone Developer</string>
				<key>COPY_PHASE_STRIP</key>
				<string>NO</string>
				<key>DEBUG_INFORMATION_FORMAT</key>
				<string>dwarf-with-dsym</string>
				<key>ENABLE_NS_ASSERTIONS</key>
				<string>NO</string>
				<key>ENABLE_STRICT_OBJC_MSGSEND</key>
				<string>YES</string>
				<key>GCC_C_LANGUAGE_STANDARD</key>
				<string>gnu99</string>
				<key>GCC_NO_COMMON_BLOCKS</key>
				<string>YES</string>
				<key>GCC_WARN_64_TO_32_BIT_CONVERSION</key>
				<string>YES</string>
				<key>GCC_WARN_ABOUT_RETURN_TYPE</key>
				<string>YES_ERROR</string>
				<key>GCC_WARN_UNDECLARED_SELECTOR</key>
				<string>YES</string>
				<key>GCC_WARN_UNINITIALIZED_AUTOS</key>
				<string>YES_AGGRESSIVE</string>
				<key>GCC_WARN_UNUSED_FUNCTION</key>
				<string>YES</string>
				<key>GCC_WARN_UNUSED_VARIABLE</key>
				<string>YES</string>
				<key>IPHONEOS_DEPLOYMENT_TARGET</key>
				<string>8.4</string>
				<key>MTL_ENABLE_DEBUG_INFO</key>
				<string>NO</string>
				<key>SDKROOT</key>
				<string>iphoneos</string>
				<key>VALIDATE_PRODUCT</key>
				<string>YES</string>
			</dict>
			<key>isa</key>
			<string>XCBuildConfiguration</string>
			<key>name</key>
			<string>Release</string>
		</dict>
		<key>9CC239B01B94A90B000C5D1B</key>
		<dict>
			<key>buildConfigurations</key>
			<array>
				<string>9CC239B11B94A90B000C5D1B</string>
				<string>9CC239B21B94A90B000C5D1B</string>
			</array>
			<key>defaultConfigurationIsVisible</key>
			<string>0</string>
			<key>defaultConfigurationName</key>
			<string>Release</string>
			<key>isa</key>
			<string>XCConfigurationList</string>
		</dict>
		<key>9CC239B11B94A90B000C5D1B</key>
		<dict>
			<key>buildSettings</key>
			<dict>
				<key>ASSETCATALOG_COMPILER_APPICON_NAME</key>
				<string>AppIcon</string>
				<key>INFOPLIST_FILE</key>
				<string>TestwarezApp/Info.plist</string>
				<key>LD_RUNPATH_SEARCH_PATHS</key>
				<string>$(inherited) @executable_path/Frameworks</string>
				<key>PRODUCT_NAME</key>
				<string>$(TARGET_NAME)</string>
			</dict>
			<key>isa</key>
			<string>XCBuildConfiguration</string>
			<key>name</key>
			<string>Debug</string>
		</dict>
		<key>9CC239B21B94A90B000C5D1B</key>
		<dict>
			<key>buildSettings</key>
			<dict>
				<key>ASSETCATALOG_COMPILER_APPICON_NAME</key>
				<string>AppIcon</string>
				<key>INFOPLIST_FILE</key>
				<string>TestwarezApp/Info.plist</string>
				<key>LD_RUNPATH_SEARCH_PATHS</key>
				<string>$(inherited) @executable_path/Frameworks</string>
				<key>PRODUCT_NAME</key>
				<string>$(TARGET_NAME)</string>
			</dict>
			<key>isa</key>
			<string>XCBuildConfiguration</string>
			<key>name</key>
			<string>Release</string>
		</dict>
		<key>9CC239B31B94A90B000C5D1B</key>
		<dict>
			<key>buildConfigurations</key>
			<array>
				<string>9CC239B41B94A90B000C5D1B</string>
				<string>9CC239B51B94A90B000C5D1B</string>
			</array>
			<key>defaultConfigurationIsVisible</key>
			<string>0</string>
			<key>defaultConfigurationName</key>
			<string>Release</string>
			<key>isa</key>
			<string>XCConfigurationList</string>
		</dict>
		<key>9CC239B41B94A90B000C5D1B</key>
		<dict>
			<key>baseConfigurationReference</key>
			<string>CD74951196B5DCE4CEC0B2ED</string>
			<key>buildSettings</key>
			<dict>
				<key>BUNDLE_LOADER</key>
				<string>$(TEST_HOST)</string>
				<key>FRAMEWORK_SEARCH_PATHS</key>
				<array>
					<string>$(SDKROOT)/Developer/Library/Frameworks</string>
					<string>$(inherited)</string>
				</array>
				<key>GCC_PREPROCESSOR_DEFINITIONS</key>
				<array>
					<string>DEBUG=1</string>
					<string>$(inherited)</string>
				</array>
				<key>INFOPLIST_FILE</key>
				<string>TestwarezAppTests/Info.plist</string>
				<key>LD_RUNPATH_SEARCH_PATHS</key>
				<string>$(inherited) @executable_path/Frameworks @loader_path/Frameworks</string>
				<key>PRODUCT_NAME</key>
				<string>$(TARGET_NAME)</string>
				<key>TEST_HOST</key>
				<string>$(BUILT_PRODUCTS_DIR)/TestwarezApp.app/TestwarezApp</string>
			</dict>
			<key>isa</key>
			<string>XCBuildConfiguration</string>
			<key>name</key>
			<string>Debug</string>
		</dict>
		<key>9CC239B51B94A90B000C5D1B</key>
		<dict>
			<key>baseConfigurationReference</key>
			<string>00BC10022A4D47494C24BA13</string>
			<key>buildSettings</key>
			<dict>
				<key>BUNDLE_LOADER</key>
				<string>$(TEST_HOST)</string>
				<key>FRAMEWORK_SEARCH_PATHS</key>
				<array>
					<string>$(SDKROOT)/Developer/Library/Frameworks</string>
					<string>$(inherited)</string>
				</array>
				<key>INFOPLIST_FILE</key>
				<string>TestwarezAppTests/Info.plist</string>
				<key>LD_RUNPATH_SEARCH_PATHS</key>
				<string>$(inherited) @executable_path/Frameworks @loader_path/Frameworks</string>
				<key>PRODUCT_NAME</key>
				<string>$(TARGET_NAME)</string>
				<key>TEST_HOST</key>
				<string>$(BUILT_PRODUCTS_DIR)/TestwarezApp.app/TestwarezApp</string>
			</dict>
			<key>isa</key>
			<string>XCBuildConfiguration</string>
			<key>name</key>
			<string>Release</string>
		</dict>
		<key>B4347B51C477724D34D1EA30</key>
		<dict>
			<key>fileRef</key>
			<string>21C524502B57FF95EE90E325</string>
			<key>isa</key>
			<string>PBXBuildFile</string>
			<key>settings</key>
			<dict>
				<key>ATTRIBUTES</key>
				<array>
					<string>Weak</string>
				</array>
			</dict>
		</dict>
		<key>B77D0CCF062F4EFA3AF05003</key>
		<dict>
			<key>children</key>
			<array>
				<string>9C528A631B99F1EB000CEC88</string>
				<string>9C1AC9511B94B13900710D04</string>
				<string>9C1AC94F1B94AFFD00710D04</string>
				<string>9C1AC94D1B94AFEB00710D04</string>
				<string>4A791DDABF00CC0F35A65ADB</string>
				<string>21C524502B57FF95EE90E325</string>
				<string>7b4e8ec7e48fc99dacf0a6f2</string>
				<string>b1c788e78a411309ca52d0c5</string>
			</array>
			<key>isa</key>
			<string>PBXGroup</string>
			<key>name</key>
			<string>Frameworks</string>
			<key>path</key>
			<string></string>
			<key>sourceTree</key>
			<string>&lt;group&gt;</string>
		</dict>
		<key>CD74951196B5DCE4CEC0B2ED</key>
		<dict>
			<key>includeInIndex</key>
			<string>1</string>
			<key>isa</key>
			<string>PBXFileReference</string>
			<key>lastKnownFileType</key>
			<string>text.xcconfig</string>
			<key>name</key>
			<string>Pods-TestwarezAppTests.debug.xcconfig</string>
			<key>path</key>
			<string>Pods/Target Support Files/Pods-TestwarezAppTests/Pods-TestwarezAppTests.debug.xcconfig</string>
			<key>sourceTree</key>
			<string>&lt;group&gt;</string>
		</dict>
		<key>FABFF22C82A1F7768843D090</key>
		<dict>
			<key>includeInIndex</key>
			<string>1</string>
			<key>isa</key>
			<string>PBXFileReference</string>
			<key>lastKnownFileType</key>
			<string>text.xcconfig</string>
			<key>name</key>
			<string>Pods-TestwarezAppUITests.debug.xcconfig</string>
			<key>path</key>
			<string>Pods/Target Support Files/Pods-TestwarezAppUITests/Pods-TestwarezAppUITests.debug.xcconfig</string>
			<key>sourceTree</key>
			<string>&lt;group&gt;</string>
		</dict>
		<key>a6d59387af037736f30fe41b</key>
		<dict>
			<key>fileRef</key>
			<string>7b4e8ec7e48fc99dacf0a6f2</string>
			<key>isa</key>
			<string>PBXBuildFile</string>
		</dict>
		<key>b1c788e78a411309ca52d0c5</key>
		<dict>
			<key>fileEncoding</key>
			<string>4</string>
			<key>isa</key>
			<string>PBXFileReference</string>
			<key>lastKnownFileType</key>
			<string>wrapper.framework</string>
			<key>name</key>
			<string>calabash.framework</string>
			<key>path</key>
			<string>calabash.framework</string>
			<key>sourceTree</key>
			<string>&lt;group&gt;</string>
		</dict>
		<key>b5e13f5a86fe625f4f536a83</key>
		<dict>
			<key>fileRef</key>
			<string>b1c788e78a411309ca52d0c5</string>
			<key>isa</key>
			<string>PBXBuildFile</string>
		</dict>
		<key>b94e83fa13a4610919886708</key>
		<dict>
			<key>fileRef</key>
			<string>9C528A631B99F1EB000CEC88</string>
			<key>isa</key>
			<string>PBXBuildFile</string>
		</dict>
		<key>bfab38559b886e1fc1db851e</key>
		<dict>
			<key>fileRef</key>
			<string>9C1AC9541B964A2500710D04</string>
			<key>isa</key>
			<string>PBXBuildFile</string>
		</dict>
		<key>bfabbc5ca599b4943da2f8c4</key>
		<dict>
			<key>buildActionMask</key>
			<string>2147483647</string>
			<key>files</key>
			<array>
				<string>b94e83fa13a4610919886708</string>
				<string>a6d59387af037736f30fe41b</string>
				<string>b5e13f5a86fe625f4f536a83</string>
			</array>
			<key>isa</key>
			<string>PBXFrameworksBuildPhase</string>
			<key>runOnlyForDeploymentPostprocessing</key>
			<string>0</string>
		</dict>
		<key>c7eb53b4e2e58daa95f3d23d</key>
		<dict>
			<key>fileRef</key>
			<string>9CC2399F1B94A90B000C5D1B</string>
			<key>isa</key>
			<string>PBXBuildFile</string>
		</dict>
		<key>c9b93c389877472c38cd200e</key>
		<dict>
			<key>buildConfigurations</key>
			<array>
				<string>6a48321eb48c8e4fe2c63c82</string>
				<string>308e20b86f71d5ddbbfa9a96</string>
			</array>
			<key>defaultConfigurationIsVisible</key>
			<string>0</string>
			<key>defaultConfigurationName</key>
			<string>Release</string>
			<key>isa</key>
			<string>XCConfigurationList</string>
		</dict>
		<key>d08a6fdc6b4f8e111b3cbe71</key>
		<dict>
			<key>explicitFileType</key>
			<string>wrapper.application</string>
			<key>includeInIndex</key>
			<string>0</string>
			<key>isa</key>
			<string>PBXFileReference</string>
			<key>path</key>
			<string>TestwarezApp-cal.app</string>
			<key>sourceTree</key>
			<string>BUILT_PRODUCTS_DIR</string>
		</dict>
		<key>dea6aa68c86270867c701fa8</key>
		<dict>
			<key>buildConfigurationList</key>
			<string>c9b93c389877472c38cd200e</string>
			<key>buildPhases</key>
			<array>
				<string>fb8fe9d838a8a766a4de0e71</string>
				<string>bfabbc5ca599b4943da2f8c4</string>
				<string>f1abc809ec7b9b1d12f7547d</string>
			</array>
			<key>buildRules</key>
			<array/>
			<key>dependencies</key>
			<array/>
			<key>isa</key>
			<string>PBXNativeTarget</string>
			<key>name</key>
			<string>TestwarezApp-cal</string>
			<key>productName</key>
			<string>TestwarezApp-cal</string>
			<key>productReference</key>
			<string>d08a6fdc6b4f8e111b3cbe71</string>
			<key>productType</key>
			<string>com.apple.product-type.application</string>
		</dict>
		<key>f1abc809ec7b9b1d12f7547d</key>
		<dict>
			<key>buildActionMask</key>
			<string>2147483647</string>
			<key>files</key>
			<array>
				<string>38f38ddf910f0cae03fcf13d</string>
				<string>c7eb53b4e2e58daa95f3d23d</string>
				<string>78f8bf14fa3df0eff92962ce</string>
			</array>
			<key>isa</key>
			<string>PBXResourcesBuildPhase</string>
			<key>runOnlyForDeploymentPostprocessing</key>
			<string>0</string>
		</dict>
		<key>f5572bb92863798c00588941</key>
		<dict>
			<key>fileRef</key>
			<string>9CC239951B94A90B000C5D1B</string>
			<key>isa</key>
			<string>PBXBuildFile</string>
		</dict>
		<key>fb8fe9d838a8a766a4de0e71</key>
		<dict>
			<key>buildActionMask</key>
			<string>2147483647</string>
			<key>files</key>
			<array>
				<string>2b04a403a26b142c841f14ab</string>
				<string>572c618d4294ea7e6f0dba6a</string>
				<string>f5572bb92863798c00588941</string>
				<string>0c805d00d137005255be95de</string>
				<string>0220bb10bb5ba63eda47c1df</string>
				<string>bfab38559b886e1fc1db851e</string>
				<string>3fcdd579eca785e9057cb30d</string>
				<string>8c8a49e404b80c2205ec6035</string>
			</array>
			<key>isa</key>
			<string>PBXSourcesBuildPhase</string>
			<key>runOnlyForDeploymentPostprocessing</key>
			<string>0</string>
		</dict>
	</dict>
	<key>rootObject</key>
	<string>9CC239851B94A90B000C5D1B</string>
</dict>
</plist>
