// !$*UTF8*$!
{
	archiveVersion = 1;
	classes = {
	};
	objectVersion = 46;
	objects = {

/* Begin PBXBuildFile section */
		0220bb10bb5ba63eda47c1df /* RegistrationOnlineViewController.m in Sources */ = {isa = PBXBuildFile; fileRef = 9C528A691B9C8D26000CEC88 /* RegistrationOnlineViewController.m */; settings = {ASSET_TAGS = (); }; };
		0c805d00d137005255be95de /* MapViewController.m in Sources */ = {isa = PBXBuildFile; fileRef = 9C528A611B99EB85000CEC88 /* MapViewController.m */; settings = {ASSET_TAGS = (); }; };
		2964B70647FD555C87358945 /* Pods_TestwarezAppTests.framework in Frameworks */ = {isa = PBXBuildFile; fileRef = 4A791DDABF00CC0F35A65ADB /* Pods_TestwarezAppTests.framework */; settings = {ATTRIBUTES = (Weak, ); }; };
		2b04a403a26b142c841f14ab /* ViewController.m in Sources */ = {isa = PBXBuildFile; fileRef = 9CC239981B94A90B000C5D1B /* ViewController.m */; };
		38f38ddf910f0cae03fcf13d /* Main.storyboard in Resources */ = {isa = PBXBuildFile; fileRef = 9CC2399A1B94A90B000C5D1B /* Main.storyboard */; };
		433049CD1BB4927C00166378 /* SnapshotTestHelper.m in Sources */ = {isa = PBXBuildFile; fileRef = 433049CC1BB4927C00166378 /* SnapshotTestHelper.m */; settings = {ASSET_TAGS = (); }; };
		434507841BB8369100EF5AA6 /* TestwarezAppMainViewSnapshotTests.m in Sources */ = {isa = PBXBuildFile; fileRef = 434507831BB8369100EF5AA6 /* TestwarezAppMainViewSnapshotTests.m */; settings = {ASSET_TAGS = (); }; };
		434507861BB83A9C00EF5AA6 /* FBSnapshotTestCase.framework in Frameworks */ = {isa = PBXBuildFile; fileRef = 434507851BB83A9C00EF5AA6 /* FBSnapshotTestCase.framework */; };
		434507901BB858BD00EF5AA6 /* Images.xcassets in Resources */ = {isa = PBXBuildFile; fileRef = 4345078F1BB858BD00EF5AA6 /* Images.xcassets */; settings = {ASSET_TAGS = (); }; };
		437BB4251BB68EA500230850 /* UIView+AccessibilityForDebug.m in Sources */ = {isa = PBXBuildFile; fileRef = 437BB4241BB68EA500230850 /* UIView+AccessibilityForDebug.m */; settings = {ASSET_TAGS = (); }; };
		437BB42B1BB699C100230850 /* AccessibilityConstants.m in Sources */ = {isa = PBXBuildFile; fileRef = 437BB42A1BB699C100230850 /* AccessibilityConstants.m */; settings = {ASSET_TAGS = (); }; };
		437BB4331BB6AA9200230850 /* TestwarezAppKIFTestCase.m in Sources */ = {isa = PBXBuildFile; fileRef = 437BB4321BB6AA9200230850 /* TestwarezAppKIFTestCase.m */; settings = {ASSET_TAGS = (); }; };
		437BB43B1BB6B16E00230850 /* TestwarezAppXcodeUITests.m in Sources */ = {isa = PBXBuildFile; fileRef = 437BB43A1BB6B16E00230850 /* TestwarezAppXcodeUITests.m */; };
		437BB4431BB6BACB00230850 /* SnapshotConstants.m in Sources */ = {isa = PBXBuildFile; fileRef = 437BB4421BB6BACB00230850 /* SnapshotConstants.m */; settings = {ASSET_TAGS = (); }; };
		572c618d4294ea7e6f0dba6a /* RegistrationViewController.m in Sources */ = {isa = PBXBuildFile; fileRef = 9C528A661B9C5AFD000CEC88 /* RegistrationViewController.m */; settings = {ASSET_TAGS = (); }; };
		8c8a49e404b80c2205ec6035 /* main.m in Sources */ = {isa = PBXBuildFile; fileRef = 9CC239921B94A90B000C5D1B /* main.m */; };
		9C1AC9501B94AFFD00710D04 /* Pods_TestwarezAppTests.framework in Frameworks */ = {isa = PBXBuildFile; fileRef = 9C1AC94F1B94AFFD00710D04 /* Pods_TestwarezAppTests.framework */; };
		9C1AC9521B94B13900710D04 /* FBSnapshotTestCase.framework in Frameworks */ = {isa = PBXBuildFile; fileRef = 9C1AC9511B94B13900710D04 /* FBSnapshotTestCase.framework */; };
		9C1AC9551B964A2500710D04 /* RegulationViewController.m in Sources */ = {isa = PBXBuildFile; fileRef = 9C1AC9541B964A2500710D04 /* RegulationViewController.m */; };
		9C528A621B99EB85000CEC88 /* MapViewController.m in Sources */ = {isa = PBXBuildFile; fileRef = 9C528A611B99EB85000CEC88 /* MapViewController.m */; settings = {ASSET_TAGS = (); }; };
		9C528A641B99F1EB000CEC88 /* MapKit.framework in Frameworks */ = {isa = PBXBuildFile; fileRef = 9C528A631B99F1EB000CEC88 /* MapKit.framework */; };
		9C528A671B9C5AFD000CEC88 /* RegistrationViewController.m in Sources */ = {isa = PBXBuildFile; fileRef = 9C528A661B9C5AFD000CEC88 /* RegistrationViewController.m */; settings = {ASSET_TAGS = (); }; };
		9C528A6A1B9C8D26000CEC88 /* RegistrationOnlineViewController.m in Sources */ = {isa = PBXBuildFile; fileRef = 9C528A691B9C8D26000CEC88 /* RegistrationOnlineViewController.m */; settings = {ASSET_TAGS = (); }; };
		9C89790F1B9E305B005E69F2 /* TestwarezAppMapViewTests.m in Sources */ = {isa = PBXBuildFile; fileRef = 9C89790E1B9E305B005E69F2 /* TestwarezAppMapViewTests.m */; settings = {ASSET_TAGS = (); }; };
		9C8979111B9F345A005E69F2 /* TestwarezAppRegistrationViewTests.m in Sources */ = {isa = PBXBuildFile; fileRef = 9C8979101B9F345A005E69F2 /* TestwarezAppRegistrationViewTests.m */; settings = {ASSET_TAGS = (); }; };
		9C8979131B9F4103005E69F2 /* TestwarezAppRegulationViewTests.m in Sources */ = {isa = PBXBuildFile; fileRef = 9C8979121B9F4102005E69F2 /* TestwarezAppRegulationViewTests.m */; settings = {ASSET_TAGS = (); }; };
		9CC239931B94A90B000C5D1B /* main.m in Sources */ = {isa = PBXBuildFile; fileRef = 9CC239921B94A90B000C5D1B /* main.m */; };
		9CC239961B94A90B000C5D1B /* AppDelegate.m in Sources */ = {isa = PBXBuildFile; fileRef = 9CC239951B94A90B000C5D1B /* AppDelegate.m */; };
		9CC239991B94A90B000C5D1B /* ViewController.m in Sources */ = {isa = PBXBuildFile; fileRef = 9CC239981B94A90B000C5D1B /* ViewController.m */; };
		9CC2399C1B94A90B000C5D1B /* Main.storyboard in Resources */ = {isa = PBXBuildFile; fileRef = 9CC2399A1B94A90B000C5D1B /* Main.storyboard */; };
		9CC239A11B94A90B000C5D1B /* LaunchScreen.xib in Resources */ = {isa = PBXBuildFile; fileRef = 9CC2399F1B94A90B000C5D1B /* LaunchScreen.xib */; };
		B4347B51C477724D34D1EA30 /* Pods_TestwarezAppUITests.framework in Frameworks */ = {isa = PBXBuildFile; fileRef = 21C524502B57FF95EE90E325 /* Pods_TestwarezAppUITests.framework */; settings = {ATTRIBUTES = (Weak, ); }; };
		a6d59387af037736f30fe41b /* CFNetwork.framework in Frameworks */ = {isa = PBXBuildFile; fileRef = 7b4e8ec7e48fc99dacf0a6f2 /* CFNetwork.framework */; };
		b5e13f5a86fe625f4f536a83 /* calabash.framework in Frameworks */ = {isa = PBXBuildFile; fileRef = b1c788e78a411309ca52d0c5 /* calabash.framework */; };
		b94e83fa13a4610919886708 /* MapKit.framework in Frameworks */ = {isa = PBXBuildFile; fileRef = 9C528A631B99F1EB000CEC88 /* MapKit.framework */; };
		bfab38559b886e1fc1db851e /* RegulationViewController.m in Sources */ = {isa = PBXBuildFile; fileRef = 9C1AC9541B964A2500710D04 /* RegulationViewController.m */; };
		c7eb53b4e2e58daa95f3d23d /* LaunchScreen.xib in Resources */ = {isa = PBXBuildFile; fileRef = 9CC2399F1B94A90B000C5D1B /* LaunchScreen.xib */; };
		f5572bb92863798c00588941 /* AppDelegate.m in Sources */ = {isa = PBXBuildFile; fileRef = 9CC239951B94A90B000C5D1B /* AppDelegate.m */; };
/* End PBXBuildFile section */

/* Begin PBXContainerItemProxy section */
		437BB43D1BB6B16E00230850 /* PBXContainerItemProxy */ = {
			isa = PBXContainerItemProxy;
			containerPortal = 9CC239851B94A90B000C5D1B /* Project object */;
			proxyType = 1;
			remoteGlobalIDString = 9CC2398C1B94A90B000C5D1B;
			remoteInfo = TestwarezApp;
		};
		9C3B1FD21B94AD0B00D79958 /* PBXContainerItemProxy */ = {
			isa = PBXContainerItemProxy;
			containerPortal = 9CC239851B94A90B000C5D1B /* Project object */;
			proxyType = 1;
			remoteGlobalIDString = 9CC2398C1B94A90B000C5D1B;
			remoteInfo = TestwarezApp;
		};
		9CC239A71B94A90B000C5D1B /* PBXContainerItemProxy */ = {
			isa = PBXContainerItemProxy;
			containerPortal = 9CC239851B94A90B000C5D1B /* Project object */;
			proxyType = 1;
			remoteGlobalIDString = 9CC2398C1B94A90B000C5D1B;
			remoteInfo = TestwarezApp;
		};
/* End PBXContainerItemProxy section */

/* Begin PBXFileReference section */
		00BC10022A4D47494C24BA13 /* Pods-TestwarezAppTests.release.xcconfig */ = {isa = PBXFileReference; includeInIndex = 1; lastKnownFileType = text.xcconfig; name = "Pods-TestwarezAppTests.release.xcconfig"; path = "Pods/Target Support Files/Pods-TestwarezAppTests/Pods-TestwarezAppTests.release.xcconfig"; sourceTree = "<group>"; };
		15546EDAE022826DAF0BF2B7 /* Pods-TestwarezAppUITests.release.xcconfig */ = {isa = PBXFileReference; includeInIndex = 1; lastKnownFileType = text.xcconfig; name = "Pods-TestwarezAppUITests.release.xcconfig"; path = "Pods/Target Support Files/Pods-TestwarezAppUITests/Pods-TestwarezAppUITests.release.xcconfig"; sourceTree = "<group>"; };
		21C524502B57FF95EE90E325 /* Pods_TestwarezAppUITests.framework */ = {isa = PBXFileReference; explicitFileType = wrapper.framework; includeInIndex = 0; path = Pods_TestwarezAppUITests.framework; sourceTree = BUILT_PRODUCTS_DIR; };
		433047201BB4915800166378 /* TestwarezApp-cal.app */ = {isa = PBXFileReference; explicitFileType = wrapper.application; includeInIndex = 0; path = "TestwarezApp-cal.app"; sourceTree = BUILT_PRODUCTS_DIR; };
		433049CC1BB4927C00166378 /* SnapshotTestHelper.m */ = {isa = PBXFileReference; fileEncoding = 4; lastKnownFileType = sourcecode.c.objc; path = SnapshotTestHelper.m; sourceTree = "<group>"; };
		434507831BB8369100EF5AA6 /* TestwarezAppMainViewSnapshotTests.m */ = {isa = PBXFileReference; fileEncoding = 4; lastKnownFileType = sourcecode.c.objc; path = TestwarezAppMainViewSnapshotTests.m; sourceTree = "<group>"; };
		434507851BB83A9C00EF5AA6 /* FBSnapshotTestCase.framework */ = {isa = PBXFileReference; lastKnownFileType = wrapper.framework; name = FBSnapshotTestCase.framework; path = "Pods/../build/Debug-iphoneos/FBSnapshotTestCase.framework"; sourceTree = "<group>"; };
		4345078F1BB858BD00EF5AA6 /* Images.xcassets */ = {isa = PBXFileReference; lastKnownFileType = folder.assetcatalog; path = Images.xcassets; sourceTree = "<group>"; };
		437BB4231BB68EA500230850 /* UIView+AccessibilityForDebug.h */ = {isa = PBXFileReference; fileEncoding = 4; lastKnownFileType = sourcecode.c.h; path = "UIView+AccessibilityForDebug.h"; sourceTree = "<group>"; };
		437BB4241BB68EA500230850 /* UIView+AccessibilityForDebug.m */ = {isa = PBXFileReference; fileEncoding = 4; lastKnownFileType = sourcecode.c.objc; path = "UIView+AccessibilityForDebug.m"; sourceTree = "<group>"; };
		437BB4291BB699C100230850 /* AccessibilityConstants.h */ = {isa = PBXFileReference; fileEncoding = 4; lastKnownFileType = sourcecode.c.h; path = AccessibilityConstants.h; sourceTree = "<group>"; };
		437BB42A1BB699C100230850 /* AccessibilityConstants.m */ = {isa = PBXFileReference; fileEncoding = 4; lastKnownFileType = sourcecode.c.objc; path = AccessibilityConstants.m; sourceTree = "<group>"; };
		437BB4311BB6AA9200230850 /* TestwarezAppKIFTestCase.h */ = {isa = PBXFileReference; fileEncoding = 4; lastKnownFileType = sourcecode.c.h; path = TestwarezAppKIFTestCase.h; sourceTree = "<group>"; };
		437BB4321BB6AA9200230850 /* TestwarezAppKIFTestCase.m */ = {isa = PBXFileReference; fileEncoding = 4; lastKnownFileType = sourcecode.c.objc; path = TestwarezAppKIFTestCase.m; sourceTree = "<group>"; };
		437BB4381BB6B16E00230850 /* TestwarezAppXcodeUITests.xctest */ = {isa = PBXFileReference; explicitFileType = wrapper.cfbundle; includeInIndex = 0; path = TestwarezAppXcodeUITests.xctest; sourceTree = BUILT_PRODUCTS_DIR; };
		437BB43A1BB6B16E00230850 /* TestwarezAppXcodeUITests.m */ = {isa = PBXFileReference; lastKnownFileType = sourcecode.c.objc; path = TestwarezAppXcodeUITests.m; sourceTree = "<group>"; };
		437BB43C1BB6B16E00230850 /* Info.plist */ = {isa = PBXFileReference; lastKnownFileType = text.plist.xml; path = Info.plist; sourceTree = "<group>"; };
		437BB4421BB6BACB00230850 /* SnapshotConstants.m */ = {isa = PBXFileReference; fileEncoding = 4; lastKnownFileType = sourcecode.c.objc; path = SnapshotConstants.m; sourceTree = "<group>"; };
		4A791DDABF00CC0F35A65ADB /* Pods_TestwarezAppTests.framework */ = {isa = PBXFileReference; explicitFileType = wrapper.framework; includeInIndex = 0; path = Pods_TestwarezAppTests.framework; sourceTree = BUILT_PRODUCTS_DIR; };
		7b4e8ec7e48fc99dacf0a6f2 /* CFNetwork.framework */ = {isa = PBXFileReference; fileEncoding = 4; lastKnownFileType = wrapper.framework; name = CFNetwork.framework; path = System/Library/Frameworks/CFNetwork.framework; sourceTree = SDKROOT; };
		9C1AC94D1B94AFEB00710D04 /* KIF.framework */ = {isa = PBXFileReference; lastKnownFileType = wrapper.framework; name = KIF.framework; path = "Pods/../build/Debug-iphoneos/KIF.framework"; sourceTree = "<group>"; };
		9C1AC94F1B94AFFD00710D04 /* Pods_TestwarezAppTests.framework */ = {isa = PBXFileReference; lastKnownFileType = wrapper.framework; name = Pods_TestwarezAppTests.framework; path = "Pods/../build/Debug-iphoneos/Pods_TestwarezAppTests.framework"; sourceTree = "<group>"; };
		9C1AC9511B94B13900710D04 /* FBSnapshotTestCase.framework */ = {isa = PBXFileReference; lastKnownFileType = wrapper.framework; name = FBSnapshotTestCase.framework; path = "Pods/../build/Debug-iphoneos/FBSnapshotTestCase.framework"; sourceTree = "<group>"; };
		9C1AC9531B964A2500710D04 /* RegulationViewController.h */ = {isa = PBXFileReference; fileEncoding = 4; lastKnownFileType = sourcecode.c.h; path = RegulationViewController.h; sourceTree = "<group>"; };
		9C1AC9541B964A2500710D04 /* RegulationViewController.m */ = {isa = PBXFileReference; fileEncoding = 4; lastKnownFileType = sourcecode.c.objc; path = RegulationViewController.m; sourceTree = "<group>"; };
		9C3B1FCC1B94AD0B00D79958 /* TestwarezAppUITests.xctest */ = {isa = PBXFileReference; explicitFileType = wrapper.cfbundle; includeInIndex = 0; path = TestwarezAppUITests.xctest; sourceTree = BUILT_PRODUCTS_DIR; };
		9C3B1FCF1B94AD0B00D79958 /* Info.plist */ = {isa = PBXFileReference; lastKnownFileType = text.plist.xml; path = Info.plist; sourceTree = "<group>"; };
		9C528A601B99EB85000CEC88 /* MapViewController.h */ = {isa = PBXFileReference; fileEncoding = 4; lastKnownFileType = sourcecode.c.h; path = MapViewController.h; sourceTree = "<group>"; };
		9C528A611B99EB85000CEC88 /* MapViewController.m */ = {isa = PBXFileReference; fileEncoding = 4; lastKnownFileType = sourcecode.c.objc; path = MapViewController.m; sourceTree = "<group>"; };
		9C528A631B99F1EB000CEC88 /* MapKit.framework */ = {isa = PBXFileReference; lastKnownFileType = wrapper.framework; name = MapKit.framework; path = System/Library/Frameworks/MapKit.framework; sourceTree = SDKROOT; };
		9C528A651B9C5AFD000CEC88 /* RegistrationViewController.h */ = {isa = PBXFileReference; fileEncoding = 4; lastKnownFileType = sourcecode.c.h; path = RegistrationViewController.h; sourceTree = "<group>"; };
		9C528A661B9C5AFD000CEC88 /* RegistrationViewController.m */ = {isa = PBXFileReference; fileEncoding = 4; lastKnownFileType = sourcecode.c.objc; path = RegistrationViewController.m; sourceTree = "<group>"; };
		9C528A681B9C8D26000CEC88 /* RegistrationOnlineViewController.h */ = {isa = PBXFileReference; fileEncoding = 4; lastKnownFileType = sourcecode.c.h; path = RegistrationOnlineViewController.h; sourceTree = "<group>"; };
		9C528A691B9C8D26000CEC88 /* RegistrationOnlineViewController.m */ = {isa = PBXFileReference; fileEncoding = 4; lastKnownFileType = sourcecode.c.objc; path = RegistrationOnlineViewController.m; sourceTree = "<group>"; };
		9C89790E1B9E305B005E69F2 /* TestwarezAppMapViewTests.m */ = {isa = PBXFileReference; fileEncoding = 4; lastKnownFileType = sourcecode.c.objc; path = TestwarezAppMapViewTests.m; sourceTree = "<group>"; };
		9C8979101B9F345A005E69F2 /* TestwarezAppRegistrationViewTests.m */ = {isa = PBXFileReference; fileEncoding = 4; lastKnownFileType = sourcecode.c.objc; path = TestwarezAppRegistrationViewTests.m; sourceTree = "<group>"; };
		9C8979121B9F4102005E69F2 /* TestwarezAppRegulationViewTests.m */ = {isa = PBXFileReference; fileEncoding = 4; lastKnownFileType = sourcecode.c.objc; path = TestwarezAppRegulationViewTests.m; sourceTree = "<group>"; };
		9CC2398D1B94A90B000C5D1B /* TestwarezApp.app */ = {isa = PBXFileReference; explicitFileType = wrapper.application; includeInIndex = 0; path = TestwarezApp.app; sourceTree = BUILT_PRODUCTS_DIR; };
		9CC239911B94A90B000C5D1B /* Info.plist */ = {isa = PBXFileReference; lastKnownFileType = text.plist.xml; path = Info.plist; sourceTree = "<group>"; };
		9CC239921B94A90B000C5D1B /* main.m */ = {isa = PBXFileReference; lastKnownFileType = sourcecode.c.objc; path = main.m; sourceTree = "<group>"; };
		9CC239941B94A90B000C5D1B /* AppDelegate.h */ = {isa = PBXFileReference; lastKnownFileType = sourcecode.c.h; path = AppDelegate.h; sourceTree = "<group>"; };
		9CC239951B94A90B000C5D1B /* AppDelegate.m */ = {isa = PBXFileReference; lastKnownFileType = sourcecode.c.objc; path = AppDelegate.m; sourceTree = "<group>"; };
		9CC239971B94A90B000C5D1B /* ViewController.h */ = {isa = PBXFileReference; lastKnownFileType = sourcecode.c.h; path = ViewController.h; sourceTree = "<group>"; };
		9CC239981B94A90B000C5D1B /* ViewController.m */ = {isa = PBXFileReference; lastKnownFileType = sourcecode.c.objc; path = ViewController.m; sourceTree = "<group>"; };
		9CC2399B1B94A90B000C5D1B /* Base */ = {isa = PBXFileReference; lastKnownFileType = file.storyboard; name = Base; path = Base.lproj/Main.storyboard; sourceTree = "<group>"; };
		9CC239A01B94A90B000C5D1B /* Base */ = {isa = PBXFileReference; lastKnownFileType = file.xib; name = Base; path = Base.lproj/LaunchScreen.xib; sourceTree = "<group>"; };
		9CC239A61B94A90B000C5D1B /* TestwarezAppTests.xctest */ = {isa = PBXFileReference; explicitFileType = wrapper.cfbundle; includeInIndex = 0; path = TestwarezAppTests.xctest; sourceTree = BUILT_PRODUCTS_DIR; };
		9CC239AB1B94A90B000C5D1B /* Info.plist */ = {isa = PBXFileReference; lastKnownFileType = text.plist.xml; path = Info.plist; sourceTree = "<group>"; };
		CD74951196B5DCE4CEC0B2ED /* Pods-TestwarezAppTests.debug.xcconfig */ = {isa = PBXFileReference; includeInIndex = 1; lastKnownFileType = text.xcconfig; name = "Pods-TestwarezAppTests.debug.xcconfig"; path = "Pods/Target Support Files/Pods-TestwarezAppTests/Pods-TestwarezAppTests.debug.xcconfig"; sourceTree = "<group>"; };
		FABFF22C82A1F7768843D090 /* Pods-TestwarezAppUITests.debug.xcconfig */ = {isa = PBXFileReference; includeInIndex = 1; lastKnownFileType = text.xcconfig; name = "Pods-TestwarezAppUITests.debug.xcconfig"; path = "Pods/Target Support Files/Pods-TestwarezAppUITests/Pods-TestwarezAppUITests.debug.xcconfig"; sourceTree = "<group>"; };
		b1c788e78a411309ca52d0c5 /* calabash.framework */ = {isa = PBXFileReference; fileEncoding = 4; lastKnownFileType = wrapper.framework; path = calabash.framework; sourceTree = "<group>"; };
/* End PBXFileReference section */

/* Begin PBXFrameworksBuildPhase section */
		437BB4351BB6B16E00230850 /* Frameworks */ = {
			isa = PBXFrameworksBuildPhase;
			buildActionMask = 2147483647;
			files = (
			);
			runOnlyForDeploymentPostprocessing = 0;
		};
		9C3B1FC91B94AD0B00D79958 /* Frameworks */ = {
			isa = PBXFrameworksBuildPhase;
			buildActionMask = 2147483647;
			files = (
				9C1AC9521B94B13900710D04 /* FBSnapshotTestCase.framework in Frameworks */,
				9C1AC9501B94AFFD00710D04 /* Pods_TestwarezAppTests.framework in Frameworks */,
				B4347B51C477724D34D1EA30 /* Pods_TestwarezAppUITests.framework in Frameworks */,
			);
			runOnlyForDeploymentPostprocessing = 0;
		};
		9CC2398A1B94A90B000C5D1B /* Frameworks */ = {
			isa = PBXFrameworksBuildPhase;
			buildActionMask = 2147483647;
			files = (
				9C528A641B99F1EB000CEC88 /* MapKit.framework in Frameworks */,
			);
			runOnlyForDeploymentPostprocessing = 0;
		};
		9CC239A31B94A90B000C5D1B /* Frameworks */ = {
			isa = PBXFrameworksBuildPhase;
			buildActionMask = 2147483647;
			files = (
				434507861BB83A9C00EF5AA6 /* FBSnapshotTestCase.framework in Frameworks */,
				2964B70647FD555C87358945 /* Pods_TestwarezAppTests.framework in Frameworks */,
			);
			runOnlyForDeploymentPostprocessing = 0;
		};
		bfabbc5ca599b4943da2f8c4 /* Frameworks */ = {
			isa = PBXFrameworksBuildPhase;
			buildActionMask = 2147483647;
			files = (
				b94e83fa13a4610919886708 /* MapKit.framework in Frameworks */,
				a6d59387af037736f30fe41b /* CFNetwork.framework in Frameworks */,
				b5e13f5a86fe625f4f536a83 /* calabash.framework in Frameworks */,
			);
			runOnlyForDeploymentPostprocessing = 0;
		};
/* End PBXFrameworksBuildPhase section */

/* Begin PBXGroup section */
		1427C400E7B0ECB768823071 /* Pods */ = {
			isa = PBXGroup;
			children = (
				CD74951196B5DCE4CEC0B2ED /* Pods-TestwarezAppTests.debug.xcconfig */,
				00BC10022A4D47494C24BA13 /* Pods-TestwarezAppTests.release.xcconfig */,
				FABFF22C82A1F7768843D090 /* Pods-TestwarezAppUITests.debug.xcconfig */,
				15546EDAE022826DAF0BF2B7 /* Pods-TestwarezAppUITests.release.xcconfig */,
			);
			name = Pods;
			sourceTree = "<group>";
		};
		434507911BB85A1700EF5AA6 /* ReferenceImages_64 */ = {
			isa = PBXGroup;
			children = (
				434507921BB85A1700EF5AA6 /* TestwarezAppMainViewSnapshotTests */,
			);
			path = ReferenceImages_64;
			sourceTree = "<group>";
		};
		434507921BB85A1700EF5AA6 /* TestwarezAppMainViewSnapshotTests */ = {
			isa = PBXGroup;
			children = (
			);
			path = TestwarezAppMainViewSnapshotTests;
			sourceTree = "<group>";
		};
		437BB42C1BB6A43700230850 /* TestHelpers */ = {
			isa = PBXGroup;
			children = (
				437BB4231BB68EA500230850 /* UIView+AccessibilityForDebug.h */,
				437BB4241BB68EA500230850 /* UIView+AccessibilityForDebug.m */,
				437BB4291BB699C100230850 /* AccessibilityConstants.h */,
				437BB42A1BB699C100230850 /* AccessibilityConstants.m */,
			);
			name = TestHelpers;
			sourceTree = "<group>";
		};
		437BB4391BB6B16E00230850 /* TestwarezAppXcodeUITests */ = {
			isa = PBXGroup;
			children = (
				437BB43A1BB6B16E00230850 /* TestwarezAppXcodeUITests.m */,
				437BB43C1BB6B16E00230850 /* Info.plist */,
			);
			path = TestwarezAppXcodeUITests;
			sourceTree = "<group>";
		};
		9C3B1FCD1B94AD0B00D79958 /* TestwarezAppUITests */ = {
			isa = PBXGroup;
			children = (
				9C89790E1B9E305B005E69F2 /* TestwarezAppMapViewTests.m */,
				9C8979101B9F345A005E69F2 /* TestwarezAppRegistrationViewTests.m */,
				9C8979121B9F4102005E69F2 /* TestwarezAppRegulationViewTests.m */,
				437BB4311BB6AA9200230850 /* TestwarezAppKIFTestCase.h */,
				437BB4321BB6AA9200230850 /* TestwarezAppKIFTestCase.m */,
				9C3B1FCE1B94AD0B00D79958 /* Supporting Files */,
			);
			path = TestwarezAppUITests;
			sourceTree = "<group>";
		};
		9C3B1FCE1B94AD0B00D79958 /* Supporting Files */ = {
			isa = PBXGroup;
			children = (
				9C3B1FCF1B94AD0B00D79958 /* Info.plist */,
			);
			name = "Supporting Files";
			sourceTree = "<group>";
		};
		9CC239841B94A90B000C5D1B = {
			isa = PBXGroup;
			children = (
				9CC2398F1B94A90B000C5D1B /* TestwarezApp */,
				9CC239A91B94A90B000C5D1B /* TestwarezAppTests */,
				9C3B1FCD1B94AD0B00D79958 /* TestwarezAppUITests */,
				437BB4391BB6B16E00230850 /* TestwarezAppXcodeUITests */,
				9CC2398E1B94A90B000C5D1B /* Products */,
				1427C400E7B0ECB768823071 /* Pods */,
				B77D0CCF062F4EFA3AF05003 /* Frameworks */,
			);
			sourceTree = "<group>";
		};
		9CC2398E1B94A90B000C5D1B /* Products */ = {
			isa = PBXGroup;
			children = (
				9CC2398D1B94A90B000C5D1B /* TestwarezApp.app */,
				9CC239A61B94A90B000C5D1B /* TestwarezAppTests.xctest */,
				9C3B1FCC1B94AD0B00D79958 /* TestwarezAppUITests.xctest */,
				433047201BB4915800166378 /* TestwarezApp-cal.app */,
				437BB4381BB6B16E00230850 /* TestwarezAppXcodeUITests.xctest */,
			);
			name = Products;
			sourceTree = "<group>";
		};
		9CC2398F1B94A90B000C5D1B /* TestwarezApp */ = {
			isa = PBXGroup;
			children = (
				9CC239941B94A90B000C5D1B /* AppDelegate.h */,
				9CC239951B94A90B000C5D1B /* AppDelegate.m */,
				9CC239971B94A90B000C5D1B /* ViewController.h */,
				9CC239981B94A90B000C5D1B /* ViewController.m */,
				9C1AC9531B964A2500710D04 /* RegulationViewController.h */,
				9C1AC9541B964A2500710D04 /* RegulationViewController.m */,
				9C528A601B99EB85000CEC88 /* MapViewController.h */,
				9C528A611B99EB85000CEC88 /* MapViewController.m */,
				9C528A651B9C5AFD000CEC88 /* RegistrationViewController.h */,
				9C528A661B9C5AFD000CEC88 /* RegistrationViewController.m */,
				9C528A681B9C8D26000CEC88 /* RegistrationOnlineViewController.h */,
				9C528A691B9C8D26000CEC88 /* RegistrationOnlineViewController.m */,
				9CC2399A1B94A90B000C5D1B /* Main.storyboard */,
				4345078F1BB858BD00EF5AA6 /* Images.xcassets */,
				9CC2399F1B94A90B000C5D1B /* LaunchScreen.xib */,
				437BB42C1BB6A43700230850 /* TestHelpers */,
				9CC239901B94A90B000C5D1B /* Supporting Files */,
			);
			path = TestwarezApp;
			sourceTree = "<group>";
		};
		9CC239901B94A90B000C5D1B /* Supporting Files */ = {
			isa = PBXGroup;
			children = (
				9CC239911B94A90B000C5D1B /* Info.plist */,
				9CC239921B94A90B000C5D1B /* main.m */,
			);
			name = "Supporting Files";
			sourceTree = "<group>";
		};
		9CC239A91B94A90B000C5D1B /* TestwarezAppTests */ = {
			isa = PBXGroup;
			children = (
				434507911BB85A1700EF5AA6 /* ReferenceImages_64 */,
				434507831BB8369100EF5AA6 /* TestwarezAppMainViewSnapshotTests.m */,
				433049CC1BB4927C00166378 /* SnapshotTestHelper.m */,
				437BB4421BB6BACB00230850 /* SnapshotConstants.m */,
				9CC239AA1B94A90B000C5D1B /* Supporting Files */,
			);
			path = TestwarezAppTests;
			sourceTree = "<group>";
		};
		9CC239AA1B94A90B000C5D1B /* Supporting Files */ = {
			isa = PBXGroup;
			children = (
				9CC239AB1B94A90B000C5D1B /* Info.plist */,
			);
			name = "Supporting Files";
			sourceTree = "<group>";
		};
		B77D0CCF062F4EFA3AF05003 /* Frameworks */ = {
			isa = PBXGroup;
			children = (
				434507851BB83A9C00EF5AA6 /* FBSnapshotTestCase.framework */,
				9C528A631B99F1EB000CEC88 /* MapKit.framework */,
				9C1AC9511B94B13900710D04 /* FBSnapshotTestCase.framework */,
				9C1AC94F1B94AFFD00710D04 /* Pods_TestwarezAppTests.framework */,
				9C1AC94D1B94AFEB00710D04 /* KIF.framework */,
				4A791DDABF00CC0F35A65ADB /* Pods_TestwarezAppTests.framework */,
				21C524502B57FF95EE90E325 /* Pods_TestwarezAppUITests.framework */,
				7b4e8ec7e48fc99dacf0a6f2 /* CFNetwork.framework */,
				b1c788e78a411309ca52d0c5 /* calabash.framework */,
			);
			name = Frameworks;
			sourceTree = "<group>";
		};
/* End PBXGroup section */

/* Begin PBXNativeTarget section */
		437BB4371BB6B16E00230850 /* TestwarezAppXcodeUITests */ = {
			isa = PBXNativeTarget;
			buildConfigurationList = 437BB43F1BB6B16E00230850 /* Build configuration list for PBXNativeTarget "TestwarezAppXcodeUITests" */;
			buildPhases = (
				437BB4341BB6B16E00230850 /* Sources */,
				437BB4351BB6B16E00230850 /* Frameworks */,
				437BB4361BB6B16E00230850 /* Resources */,
			);
			buildRules = (
			);
			dependencies = (
				437BB43E1BB6B16E00230850 /* PBXTargetDependency */,
			);
			name = TestwarezAppXcodeUITests;
			productName = TestwarezAppXcodeUITests;
			productReference = 437BB4381BB6B16E00230850 /* TestwarezAppXcodeUITests.xctest */;
			productType = "com.apple.product-type.bundle.ui-testing";
		};
		9C3B1FCB1B94AD0B00D79958 /* TestwarezAppUITests */ = {
			isa = PBXNativeTarget;
			buildConfigurationList = 9C3B1FD61B94AD0B00D79958 /* Build configuration list for PBXNativeTarget "TestwarezAppUITests" */;
			buildPhases = (
				5E9BD88820EFDA81401EFB9D /* Check Pods Manifest.lock */,
				9C3B1FC81B94AD0B00D79958 /* Sources */,
				9C3B1FC91B94AD0B00D79958 /* Frameworks */,
				9C3B1FCA1B94AD0B00D79958 /* Resources */,
				51DD5417B18A1B6B5AC43CF3 /* Copy Pods Resources */,
				9B04734541C243BC1821373D /* Embed Pods Frameworks */,
			);
			buildRules = (
			);
			dependencies = (
				9C3B1FD31B94AD0B00D79958 /* PBXTargetDependency */,
			);
			name = TestwarezAppUITests;
			productName = TestwarezAppUITests;
			productReference = 9C3B1FCC1B94AD0B00D79958 /* TestwarezAppUITests.xctest */;
			productType = "com.apple.product-type.bundle.unit-test";
		};
		9CC2398C1B94A90B000C5D1B /* TestwarezApp */ = {
			isa = PBXNativeTarget;
			buildConfigurationList = 9CC239B01B94A90B000C5D1B /* Build configuration list for PBXNativeTarget "TestwarezApp" */;
			buildPhases = (
				9CC239891B94A90B000C5D1B /* Sources */,
				9CC2398A1B94A90B000C5D1B /* Frameworks */,
				9CC2398B1B94A90B000C5D1B /* Resources */,
			);
			buildRules = (
			);
			dependencies = (
			);
			name = TestwarezApp;
			productName = TestwarezApp;
			productReference = 9CC2398D1B94A90B000C5D1B /* TestwarezApp.app */;
			productType = "com.apple.product-type.application";
		};
		9CC239A51B94A90B000C5D1B /* TestwarezAppTests */ = {
			isa = PBXNativeTarget;
			buildConfigurationList = 9CC239B31B94A90B000C5D1B /* Build configuration list for PBXNativeTarget "TestwarezAppTests" */;
			buildPhases = (
				60EF97CE42E1A530D19B20BE /* Check Pods Manifest.lock */,
				9CC239A21B94A90B000C5D1B /* Sources */,
				9CC239A31B94A90B000C5D1B /* Frameworks */,
				9CC239A41B94A90B000C5D1B /* Resources */,
				09700BA8C95668964E6CB038 /* Copy Pods Resources */,
				43D9E9CC26F759ADA077495E /* Embed Pods Frameworks */,
			);
			buildRules = (
			);
			dependencies = (
				9CC239A81B94A90B000C5D1B /* PBXTargetDependency */,
			);
			name = TestwarezAppTests;
			productName = TestwarezAppTests;
			productReference = 9CC239A61B94A90B000C5D1B /* TestwarezAppTests.xctest */;
			productType = "com.apple.product-type.bundle.unit-test";
		};
		dea6aa68c86270867c701fa8 /* TestwarezApp-cal */ = {
			isa = PBXNativeTarget;
			buildConfigurationList = c9b93c389877472c38cd200e /* Build configuration list for PBXNativeTarget "TestwarezApp-cal" */;
			buildPhases = (
				fb8fe9d838a8a766a4de0e71 /* Sources */,
				bfabbc5ca599b4943da2f8c4 /* Frameworks */,
				f1abc809ec7b9b1d12f7547d /* Resources */,
			);
			buildRules = (
			);
			dependencies = (
			);
			name = "TestwarezApp-cal";
			productName = "TestwarezApp-cal";
			productReference = 433047201BB4915800166378 /* TestwarezApp-cal.app */;
			productType = "com.apple.product-type.application";
		};
/* End PBXNativeTarget section */

/* Begin PBXProject section */
		9CC239851B94A90B000C5D1B /* Project object */ = {
			isa = PBXProject;
			attributes = {
				LastUpgradeCheck = 0640;
				ORGANIZATIONNAME = codework;
				TargetAttributes = {
					437BB4371BB6B16E00230850 = {
						CreatedOnToolsVersion = 7.0;
						TestTargetID = 9CC2398C1B94A90B000C5D1B;
					};
					9C3B1FCB1B94AD0B00D79958 = {
						CreatedOnToolsVersion = 6.4;
						TestTargetID = 9CC2398C1B94A90B000C5D1B;
					};
					9CC2398C1B94A90B000C5D1B = {
						CreatedOnToolsVersion = 6.4;
					};
					9CC239A51B94A90B000C5D1B = {
						CreatedOnToolsVersion = 6.4;
						TestTargetID = 9CC2398C1B94A90B000C5D1B;
					};
				};
			};
			buildConfigurationList = 9CC239881B94A90B000C5D1B /* Build configuration list for PBXProject "TestwarezApp" */;
			compatibilityVersion = "Xcode 3.2";
			developmentRegion = English;
			hasScannedForEncodings = 0;
			knownRegions = (
				en,
				Base,
			);
			mainGroup = 9CC239841B94A90B000C5D1B;
			productRefGroup = 9CC2398E1B94A90B000C5D1B /* Products */;
			projectDirPath = "";
			projectRoot = "";
			targets = (
				9CC2398C1B94A90B000C5D1B /* TestwarezApp */,
				9CC239A51B94A90B000C5D1B /* TestwarezAppTests */,
				9C3B1FCB1B94AD0B00D79958 /* TestwarezAppUITests */,
				dea6aa68c86270867c701fa8 /* TestwarezApp-cal */,
				437BB4371BB6B16E00230850 /* TestwarezAppXcodeUITests */,
			);
		};
/* End PBXProject section */

/* Begin PBXResourcesBuildPhase section */
		437BB4361BB6B16E00230850 /* Resources */ = {
			isa = PBXResourcesBuildPhase;
			buildActionMask = 2147483647;
			files = (
			);
			runOnlyForDeploymentPostprocessing = 0;
		};
		9C3B1FCA1B94AD0B00D79958 /* Resources */ = {
			isa = PBXResourcesBuildPhase;
			buildActionMask = 2147483647;
			files = (
			);
			runOnlyForDeploymentPostprocessing = 0;
		};
		9CC2398B1B94A90B000C5D1B /* Resources */ = {
			isa = PBXResourcesBuildPhase;
			buildActionMask = 2147483647;
			files = (
				434507901BB858BD00EF5AA6 /* Images.xcassets in Resources */,
				9CC2399C1B94A90B000C5D1B /* Main.storyboard in Resources */,
				9CC239A11B94A90B000C5D1B /* LaunchScreen.xib in Resources */,
			);
			runOnlyForDeploymentPostprocessing = 0;
		};
		9CC239A41B94A90B000C5D1B /* Resources */ = {
			isa = PBXResourcesBuildPhase;
			buildActionMask = 2147483647;
			files = (
			);
			runOnlyForDeploymentPostprocessing = 0;
		};
		f1abc809ec7b9b1d12f7547d /* Resources */ = {
			isa = PBXResourcesBuildPhase;
			buildActionMask = 2147483647;
			files = (
				38f38ddf910f0cae03fcf13d /* Main.storyboard in Resources */,
				c7eb53b4e2e58daa95f3d23d /* LaunchScreen.xib in Resources */,
			);
			runOnlyForDeploymentPostprocessing = 0;
		};
/* End PBXResourcesBuildPhase section */

/* Begin PBXShellScriptBuildPhase section */
		09700BA8C95668964E6CB038 /* Copy Pods Resources */ = {
			isa = PBXShellScriptBuildPhase;
			buildActionMask = 2147483647;
			files = (
			);
			inputPaths = (
			);
			name = "Copy Pods Resources";
			outputPaths = (
			);
			runOnlyForDeploymentPostprocessing = 0;
			shellPath = /bin/sh;
			shellScript = "\"${SRCROOT}/Pods/Target Support Files/Pods-TestwarezAppTests/Pods-TestwarezAppTests-resources.sh\"\n";
			showEnvVarsInLog = 0;
		};
		43D9E9CC26F759ADA077495E /* Embed Pods Frameworks */ = {
			isa = PBXShellScriptBuildPhase;
			buildActionMask = 2147483647;
			files = (
			);
			inputPaths = (
			);
			name = "Embed Pods Frameworks";
			outputPaths = (
			);
			runOnlyForDeploymentPostprocessing = 0;
			shellPath = /bin/sh;
			shellScript = "\"${SRCROOT}/Pods/Target Support Files/Pods-TestwarezAppTests/Pods-TestwarezAppTests-frameworks.sh\"\n";
			showEnvVarsInLog = 0;
		};
		51DD5417B18A1B6B5AC43CF3 /* Copy Pods Resources */ = {
			isa = PBXShellScriptBuildPhase;
			buildActionMask = 2147483647;
			files = (
			);
			inputPaths = (
			);
			name = "Copy Pods Resources";
			outputPaths = (
			);
			runOnlyForDeploymentPostprocessing = 0;
			shellPath = /bin/sh;
			shellScript = "\"${SRCROOT}/Pods/Target Support Files/Pods-TestwarezAppUITests/Pods-TestwarezAppUITests-resources.sh\"\n";
			showEnvVarsInLog = 0;
		};
		5E9BD88820EFDA81401EFB9D /* Check Pods Manifest.lock */ = {
			isa = PBXShellScriptBuildPhase;
			buildActionMask = 2147483647;
			files = (
			);
			inputPaths = (
			);
			name = "Check Pods Manifest.lock";
			outputPaths = (
			);
			runOnlyForDeploymentPostprocessing = 0;
			shellPath = /bin/sh;
			shellScript = "diff \"${PODS_ROOT}/../Podfile.lock\" \"${PODS_ROOT}/Manifest.lock\" > /dev/null\nif [[ $? != 0 ]] ; then\n    cat << EOM\nerror: The sandbox is not in sync with the Podfile.lock. Run 'pod install' or update your CocoaPods installation.\nEOM\n    exit 1\nfi\n";
			showEnvVarsInLog = 0;
		};
		60EF97CE42E1A530D19B20BE /* Check Pods Manifest.lock */ = {
			isa = PBXShellScriptBuildPhase;
			buildActionMask = 2147483647;
			files = (
			);
			inputPaths = (
			);
			name = "Check Pods Manifest.lock";
			outputPaths = (
			);
			runOnlyForDeploymentPostprocessing = 0;
			shellPath = /bin/sh;
			shellScript = "diff \"${PODS_ROOT}/../Podfile.lock\" \"${PODS_ROOT}/Manifest.lock\" > /dev/null\nif [[ $? != 0 ]] ; then\n    cat << EOM\nerror: The sandbox is not in sync with the Podfile.lock. Run 'pod install' or update your CocoaPods installation.\nEOM\n    exit 1\nfi\n";
			showEnvVarsInLog = 0;
		};
		9B04734541C243BC1821373D /* Embed Pods Frameworks */ = {
			isa = PBXShellScriptBuildPhase;
			buildActionMask = 2147483647;
			files = (
			);
			inputPaths = (
			);
			name = "Embed Pods Frameworks";
			outputPaths = (
			);
			runOnlyForDeploymentPostprocessing = 0;
			shellPath = /bin/sh;
			shellScript = "\"${SRCROOT}/Pods/Target Support Files/Pods-TestwarezAppUITests/Pods-TestwarezAppUITests-frameworks.sh\"\n";
			showEnvVarsInLog = 0;
		};
/* End PBXShellScriptBuildPhase section */

/* Begin PBXSourcesBuildPhase section */
		437BB4341BB6B16E00230850 /* Sources */ = {
			isa = PBXSourcesBuildPhase;
			buildActionMask = 2147483647;
			files = (
				437BB43B1BB6B16E00230850 /* TestwarezAppXcodeUITests.m in Sources */,
			);
			runOnlyForDeploymentPostprocessing = 0;
		};
		9C3B1FC81B94AD0B00D79958 /* Sources */ = {
			isa = PBXSourcesBuildPhase;
			buildActionMask = 2147483647;
			files = (
				437BB4331BB6AA9200230850 /* TestwarezAppKIFTestCase.m in Sources */,
				9C8979131B9F4103005E69F2 /* TestwarezAppRegulationViewTests.m in Sources */,
				9C89790F1B9E305B005E69F2 /* TestwarezAppMapViewTests.m in Sources */,
				9C8979111B9F345A005E69F2 /* TestwarezAppRegistrationViewTests.m in Sources */,
			);
			runOnlyForDeploymentPostprocessing = 0;
		};
		9CC239891B94A90B000C5D1B /* Sources */ = {
			isa = PBXSourcesBuildPhase;
			buildActionMask = 2147483647;
			files = (
				9CC239991B94A90B000C5D1B /* ViewController.m in Sources */,
				437BB4251BB68EA500230850 /* UIView+AccessibilityForDebug.m in Sources */,
				9C528A671B9C5AFD000CEC88 /* RegistrationViewController.m in Sources */,
				9CC239961B94A90B000C5D1B /* AppDelegate.m in Sources */,
				9C528A621B99EB85000CEC88 /* MapViewController.m in Sources */,
				9C528A6A1B9C8D26000CEC88 /* RegistrationOnlineViewController.m in Sources */,
				9C1AC9551B964A2500710D04 /* RegulationViewController.m in Sources */,
				437BB42B1BB699C100230850 /* AccessibilityConstants.m in Sources */,
				9CC239931B94A90B000C5D1B /* main.m in Sources */,
			);
			runOnlyForDeploymentPostprocessing = 0;
		};
		9CC239A21B94A90B000C5D1B /* Sources */ = {
			isa = PBXSourcesBuildPhase;
			buildActionMask = 2147483647;
			files = (
				433049CD1BB4927C00166378 /* SnapshotTestHelper.m in Sources */,
				437BB4431BB6BACB00230850 /* SnapshotConstants.m in Sources */,
				434507841BB8369100EF5AA6 /* TestwarezAppMainViewSnapshotTests.m in Sources */,
			);
			runOnlyForDeploymentPostprocessing = 0;
		};
		fb8fe9d838a8a766a4de0e71 /* Sources */ = {
			isa = PBXSourcesBuildPhase;
			buildActionMask = 2147483647;
			files = (
				2b04a403a26b142c841f14ab /* ViewController.m in Sources */,
				572c618d4294ea7e6f0dba6a /* RegistrationViewController.m in Sources */,
				f5572bb92863798c00588941 /* AppDelegate.m in Sources */,
				0c805d00d137005255be95de /* MapViewController.m in Sources */,
				0220bb10bb5ba63eda47c1df /* RegistrationOnlineViewController.m in Sources */,
				bfab38559b886e1fc1db851e /* RegulationViewController.m in Sources */,
				8c8a49e404b80c2205ec6035 /* main.m in Sources */,
			);
			runOnlyForDeploymentPostprocessing = 0;
		};
/* End PBXSourcesBuildPhase section */

/* Begin PBXTargetDependency section */
		437BB43E1BB6B16E00230850 /* PBXTargetDependency */ = {
			isa = PBXTargetDependency;
			target = 9CC2398C1B94A90B000C5D1B /* TestwarezApp */;
			targetProxy = 437BB43D1BB6B16E00230850 /* PBXContainerItemProxy */;
		};
		9C3B1FD31B94AD0B00D79958 /* PBXTargetDependency */ = {
			isa = PBXTargetDependency;
			target = 9CC2398C1B94A90B000C5D1B /* TestwarezApp */;
			targetProxy = 9C3B1FD21B94AD0B00D79958 /* PBXContainerItemProxy */;
		};
		9CC239A81B94A90B000C5D1B /* PBXTargetDependency */ = {
			isa = PBXTargetDependency;
			target = 9CC2398C1B94A90B000C5D1B /* TestwarezApp */;
			targetProxy = 9CC239A71B94A90B000C5D1B /* PBXContainerItemProxy */;
		};
/* End PBXTargetDependency section */

/* Begin PBXVariantGroup section */
		9CC2399A1B94A90B000C5D1B /* Main.storyboard */ = {
			isa = PBXVariantGroup;
			children = (
				9CC2399B1B94A90B000C5D1B /* Base */,
			);
			name = Main.storyboard;
			sourceTree = "<group>";
		};
		9CC2399F1B94A90B000C5D1B /* LaunchScreen.xib */ = {
			isa = PBXVariantGroup;
			children = (
				9CC239A01B94A90B000C5D1B /* Base */,
			);
			name = LaunchScreen.xib;
			sourceTree = "<group>";
		};
/* End PBXVariantGroup section */

/* Begin XCBuildConfiguration section */
		308e20b86f71d5ddbbfa9a96 /* Release */ = {
			isa = XCBuildConfiguration;
			buildSettings = {
				ASSETCATALOG_COMPILER_APPICON_NAME = AppIcon;
				FRAMEWORK_SEARCH_PATHS = (
					"$(inherited)",
					"\"$(SRCROOT)\"",
				);
				INFOPLIST_FILE = TestwarezApp/Info.plist;
				LD_RUNPATH_SEARCH_PATHS = "$(inherited) @executable_path/Frameworks";
				OTHER_LDFLAGS = (
					"$(inherited)",
					"-force_load",
					"\"$(SRCROOT)/calabash.framework/calabash\"",
					"-lstdc++",
				);
				PRODUCT_NAME = "$(TARGET_NAME)";
			};
			name = Release;
		};
		437BB4401BB6B16E00230850 /* Debug */ = {
			isa = XCBuildConfiguration;
			buildSettings = {
				DEBUG_INFORMATION_FORMAT = dwarf;
				ENABLE_TESTABILITY = YES;
				INFOPLIST_FILE = TestwarezAppXcodeUITests/Info.plist;
				IPHONEOS_DEPLOYMENT_TARGET = 9.0;
				LD_RUNPATH_SEARCH_PATHS = "$(inherited) @executable_path/Frameworks @loader_path/Frameworks";
				PRODUCT_BUNDLE_IDENTIFIER = com.allegro.TestwarezAppXcodeUITests;
				PRODUCT_NAME = "$(TARGET_NAME)";
				TEST_TARGET_NAME = TestwarezApp;
				USES_XCTRUNNER = YES;
			};
			name = Debug;
		};
		437BB4411BB6B16E00230850 /* Release */ = {
			isa = XCBuildConfiguration;
			buildSettings = {
				INFOPLIST_FILE = TestwarezAppXcodeUITests/Info.plist;
				IPHONEOS_DEPLOYMENT_TARGET = 9.0;
				LD_RUNPATH_SEARCH_PATHS = "$(inherited) @executable_path/Frameworks @loader_path/Frameworks";
				PRODUCT_BUNDLE_IDENTIFIER = com.allegro.TestwarezAppXcodeUITests;
				PRODUCT_NAME = "$(TARGET_NAME)";
				TEST_TARGET_NAME = TestwarezApp;
				USES_XCTRUNNER = YES;
			};
			name = Release;
		};
		6a48321eb48c8e4fe2c63c82 /* Debug */ = {
			isa = XCBuildConfiguration;
			buildSettings = {
				ASSETCATALOG_COMPILER_APPICON_NAME = AppIcon;
				FRAMEWORK_SEARCH_PATHS = (
					"$(inherited)",
					"\"$(SRCROOT)\"",
				);
				INFOPLIST_FILE = TestwarezApp/Info.plist;
				LD_RUNPATH_SEARCH_PATHS = "$(inherited) @executable_path/Frameworks";
				OTHER_LDFLAGS = (
					"$(inherited)",
					"-force_load",
					"\"$(SRCROOT)/calabash.framework/calabash\"",
					"-lstdc++",
				);
				PRODUCT_NAME = "$(TARGET_NAME)";
			};
			name = Debug;
		};
		9C3B1FD41B94AD0B00D79958 /* Debug */ = {
			isa = XCBuildConfiguration;
			baseConfigurationReference = FABFF22C82A1F7768843D090 /* Pods-TestwarezAppUITests.debug.xcconfig */;
			buildSettings = {
				BUNDLE_LOADER = "$(TEST_HOST)";
				FRAMEWORK_SEARCH_PATHS = (
					"$(SDKROOT)/Developer/Library/Frameworks",
					"$(inherited)",
					"$(PROJECT_DIR)/build/Debug-iphoneos",
				);
				GCC_PREPROCESSOR_DEFINITIONS = (
					"DEBUG=1",
					"$(inherited)",
				);
				INFOPLIST_FILE = TestwarezAppUITests/Info.plist;
				LD_RUNPATH_SEARCH_PATHS = "$(inherited) @executable_path/Frameworks @loader_path/Frameworks";
				PRODUCT_NAME = "$(TARGET_NAME)";
				TEST_HOST = "$(BUILT_PRODUCTS_DIR)/TestwarezApp.app/TestwarezApp";
			};
			name = Debug;
		};
		9C3B1FD51B94AD0B00D79958 /* Release */ = {
			isa = XCBuildConfiguration;
			baseConfigurationReference = 15546EDAE022826DAF0BF2B7 /* Pods-TestwarezAppUITests.release.xcconfig */;
			buildSettings = {
				BUNDLE_LOADER = "$(TEST_HOST)";
				FRAMEWORK_SEARCH_PATHS = (
					"$(SDKROOT)/Developer/Library/Frameworks",
					"$(inherited)",
					"$(PROJECT_DIR)/build/Debug-iphoneos",
				);
				INFOPLIST_FILE = TestwarezAppUITests/Info.plist;
				LD_RUNPATH_SEARCH_PATHS = "$(inherited) @executable_path/Frameworks @loader_path/Frameworks";
				PRODUCT_NAME = "$(TARGET_NAME)";
				TEST_HOST = "$(BUILT_PRODUCTS_DIR)/TestwarezApp.app/TestwarezApp";
			};
			name = Release;
		};
		9CC239AE1B94A90B000C5D1B /* Debug */ = {
			isa = XCBuildConfiguration;
			buildSettings = {
				ALWAYS_SEARCH_USER_PATHS = NO;
				CLANG_CXX_LANGUAGE_STANDARD = "gnu++0x";
				CLANG_CXX_LIBRARY = "libc++";
				CLANG_ENABLE_MODULES = YES;
				CLANG_ENABLE_OBJC_ARC = YES;
				CLANG_WARN_BOOL_CONVERSION = YES;
				CLANG_WARN_CONSTANT_CONVERSION = YES;
				CLANG_WARN_DIRECT_OBJC_ISA_USAGE = YES_ERROR;
				CLANG_WARN_EMPTY_BODY = YES;
				CLANG_WARN_ENUM_CONVERSION = YES;
				CLANG_WARN_INT_CONVERSION = YES;
				CLANG_WARN_OBJC_ROOT_CLASS = YES_ERROR;
				CLANG_WARN_UNREACHABLE_CODE = YES;
				CLANG_WARN__DUPLICATE_METHOD_MATCH = YES;
				"CODE_SIGN_IDENTITY[sdk=iphoneos*]" = "iPhone Developer";
				COPY_PHASE_STRIP = NO;
				DEBUG_INFORMATION_FORMAT = "dwarf-with-dsym";
				ENABLE_STRICT_OBJC_MSGSEND = YES;
				GCC_C_LANGUAGE_STANDARD = gnu99;
				GCC_DYNAMIC_NO_PIC = NO;
				GCC_NO_COMMON_BLOCKS = YES;
				GCC_OPTIMIZATION_LEVEL = 0;
				GCC_PREPROCESSOR_DEFINITIONS = (
					"DEBUG=1",
					"$(inherited)",
				);
				GCC_SYMBOLS_PRIVATE_EXTERN = NO;
				GCC_WARN_64_TO_32_BIT_CONVERSION = YES;
				GCC_WARN_ABOUT_RETURN_TYPE = YES_ERROR;
				GCC_WARN_UNDECLARED_SELECTOR = YES;
				GCC_WARN_UNINITIALIZED_AUTOS = YES_AGGRESSIVE;
				GCC_WARN_UNUSED_FUNCTION = YES;
				GCC_WARN_UNUSED_VARIABLE = YES;
				IPHONEOS_DEPLOYMENT_TARGET = 8.4;
				MTL_ENABLE_DEBUG_INFO = YES;
				ONLY_ACTIVE_ARCH = YES;
				SDKROOT = iphoneos;
			};
			name = Debug;
		};
		9CC239AF1B94A90B000C5D1B /* Release */ = {
			isa = XCBuildConfiguration;
			buildSettings = {
				ALWAYS_SEARCH_USER_PATHS = NO;
				CLANG_CXX_LANGUAGE_STANDARD = "gnu++0x";
				CLANG_CXX_LIBRARY = "libc++";
				CLANG_ENABLE_MODULES = YES;
				CLANG_ENABLE_OBJC_ARC = YES;
				CLANG_WARN_BOOL_CONVERSION = YES;
				CLANG_WARN_CONSTANT_CONVERSION = YES;
				CLANG_WARN_DIRECT_OBJC_ISA_USAGE = YES_ERROR;
				CLANG_WARN_EMPTY_BODY = YES;
				CLANG_WARN_ENUM_CONVERSION = YES;
				CLANG_WARN_INT_CONVERSION = YES;
				CLANG_WARN_OBJC_ROOT_CLASS = YES_ERROR;
				CLANG_WARN_UNREACHABLE_CODE = YES;
				CLANG_WARN__DUPLICATE_METHOD_MATCH = YES;
				"CODE_SIGN_IDENTITY[sdk=iphoneos*]" = "iPhone Developer";
				COPY_PHASE_STRIP = NO;
				DEBUG_INFORMATION_FORMAT = "dwarf-with-dsym";
				ENABLE_NS_ASSERTIONS = NO;
				ENABLE_STRICT_OBJC_MSGSEND = YES;
				GCC_C_LANGUAGE_STANDARD = gnu99;
				GCC_NO_COMMON_BLOCKS = YES;
				GCC_WARN_64_TO_32_BIT_CONVERSION = YES;
				GCC_WARN_ABOUT_RETURN_TYPE = YES_ERROR;
				GCC_WARN_UNDECLARED_SELECTOR = YES;
				GCC_WARN_UNINITIALIZED_AUTOS = YES_AGGRESSIVE;
				GCC_WARN_UNUSED_FUNCTION = YES;
				GCC_WARN_UNUSED_VARIABLE = YES;
				IPHONEOS_DEPLOYMENT_TARGET = 8.4;
				MTL_ENABLE_DEBUG_INFO = NO;
				SDKROOT = iphoneos;
				VALIDATE_PRODUCT = YES;
			};
			name = Release;
		};
		9CC239B11B94A90B000C5D1B /* Debug */ = {
			isa = XCBuildConfiguration;
			buildSettings = {
				ASSETCATALOG_COMPILER_APPICON_NAME = AppIcon;
				INFOPLIST_FILE = TestwarezApp/Info.plist;
				LD_RUNPATH_SEARCH_PATHS = "$(inherited) @executable_path/Frameworks";
				PRODUCT_NAME = "$(TARGET_NAME)";
			};
			name = Debug;
		};
		9CC239B21B94A90B000C5D1B /* Release */ = {
			isa = XCBuildConfiguration;
			buildSettings = {
				ASSETCATALOG_COMPILER_APPICON_NAME = AppIcon;
				INFOPLIST_FILE = TestwarezApp/Info.plist;
				LD_RUNPATH_SEARCH_PATHS = "$(inherited) @executable_path/Frameworks";
				PRODUCT_NAME = "$(TARGET_NAME)";
			};
			name = Release;
		};
		9CC239B41B94A90B000C5D1B /* Debug */ = {
			isa = XCBuildConfiguration;
			baseConfigurationReference = CD74951196B5DCE4CEC0B2ED /* Pods-TestwarezAppTests.debug.xcconfig */;
			buildSettings = {
				BUNDLE_LOADER = "$(TEST_HOST)";
				FRAMEWORK_SEARCH_PATHS = (
					"$(SDKROOT)/Developer/Library/Frameworks",
					"$(inherited)",
					"$(PROJECT_DIR)/build/Debug-iphoneos",
				);
				GCC_PREPROCESSOR_DEFINITIONS = (
					"DEBUG=1",
					"$(inherited)",
				);
				INFOPLIST_FILE = TestwarezAppTests/Info.plist;
				LD_RUNPATH_SEARCH_PATHS = "$(inherited) @executable_path/Frameworks @loader_path/Frameworks";
				PRODUCT_NAME = "$(TARGET_NAME)";
				TEST_HOST = "$(BUILT_PRODUCTS_DIR)/TestwarezApp.app/TestwarezApp";
			};
			name = Debug;
		};
		9CC239B51B94A90B000C5D1B /* Release */ = {
			isa = XCBuildConfiguration;
			baseConfigurationReference = 00BC10022A4D47494C24BA13 /* Pods-TestwarezAppTests.release.xcconfig */;
			buildSettings = {
				BUNDLE_LOADER = "$(TEST_HOST)";
				FRAMEWORK_SEARCH_PATHS = (
					"$(SDKROOT)/Developer/Library/Frameworks",
					"$(inherited)",
					"$(PROJECT_DIR)/build/Debug-iphoneos",
				);
				INFOPLIST_FILE = TestwarezAppTests/Info.plist;
				LD_RUNPATH_SEARCH_PATHS = "$(inherited) @executable_path/Frameworks @loader_path/Frameworks";
				PRODUCT_NAME = "$(TARGET_NAME)";
				TEST_HOST = "$(BUILT_PRODUCTS_DIR)/TestwarezApp.app/TestwarezApp";
			};
			name = Release;
		};
/* End XCBuildConfiguration section */

/* Begin XCConfigurationList section */
		437BB43F1BB6B16E00230850 /* Build configuration list for PBXNativeTarget "TestwarezAppXcodeUITests" */ = {
			isa = XCConfigurationList;
			buildConfigurations = (
				437BB4401BB6B16E00230850 /* Debug */,
				437BB4411BB6B16E00230850 /* Release */,
			);
			defaultConfigurationIsVisible = 0;
			defaultConfigurationName = Release;
		};
		9C3B1FD61B94AD0B00D79958 /* Build configuration list for PBXNativeTarget "TestwarezAppUITests" */ = {
			isa = XCConfigurationList;
			buildConfigurations = (
				9C3B1FD41B94AD0B00D79958 /* Debug */,
				9C3B1FD51B94AD0B00D79958 /* Release */,
			);
			defaultConfigurationIsVisible = 0;
			defaultConfigurationName = Release;
		};
		9CC239881B94A90B000C5D1B /* Build configuration list for PBXProject "TestwarezApp" */ = {
			isa = XCConfigurationList;
			buildConfigurations = (
				9CC239AE1B94A90B000C5D1B /* Debug */,
				9CC239AF1B94A90B000C5D1B /* Release */,
			);
			defaultConfigurationIsVisible = 0;
			defaultConfigurationName = Release;
		};
		9CC239B01B94A90B000C5D1B /* Build configuration list for PBXNativeTarget "TestwarezApp" */ = {
			isa = XCConfigurationList;
			buildConfigurations = (
				9CC239B11B94A90B000C5D1B /* Debug */,
				9CC239B21B94A90B000C5D1B /* Release */,
			);
			defaultConfigurationIsVisible = 0;
			defaultConfigurationName = Release;
		};
		9CC239B31B94A90B000C5D1B /* Build configuration list for PBXNativeTarget "TestwarezAppTests" */ = {
			isa = XCConfigurationList;
			buildConfigurations = (
				9CC239B41B94A90B000C5D1B /* Debug */,
				9CC239B51B94A90B000C5D1B /* Release */,
			);
			defaultConfigurationIsVisible = 0;
			defaultConfigurationName = Release;
		};
		c9b93c389877472c38cd200e /* Build configuration list for PBXNativeTarget "TestwarezApp-cal" */ = {
			isa = XCConfigurationList;
			buildConfigurations = (
				6a48321eb48c8e4fe2c63c82 /* Debug */,
				308e20b86f71d5ddbbfa9a96 /* Release */,
			);
			defaultConfigurationIsVisible = 0;
			defaultConfigurationName = Release;
		};
/* End XCConfigurationList section */
	};
	rootObject = 9CC239851B94A90B000C5D1B /* Project object */;
}
